
Microsoft Visual Studio Solution File, Format Version 12.00
# Visual Studio Version 16
VisualStudioVersion = 16.0.29009.5
MinimumVisualStudioVersion = 10.0.40219.1
Project("{9A19103F-16F7-4668-BE54-9A1E7A4F7556}") = "Exwhyzee.Wimbig.Api", "Exwhyzee.Wimbig.Api\Exwhyzee.Wimbig.Api.csproj", "{B6DF997E-4FA6-4810-9D91-6A6DD18DCEBC}"
EndProject
Project("{9A19103F-16F7-4668-BE54-9A1E7A4F7556}") = "Exwhyzee.Wimbig.Data", "Exwhyzee.Wimbig.Data\Exwhyzee.Wimbig.Data.csproj", "{FEF366F1-F513-4908-9C40-E80574EB8FFB}"
EndProject
Project("{9A19103F-16F7-4668-BE54-9A1E7A4F7556}") = "Exwhyzee.Wimbig.Web", "Exwhyzee.Wimbig.Web\Exwhyzee.Wimbig.Web.csproj", "{9BA397C2-D8EF-45AC-9F9B-CBD5966EA159}"
EndProject
Project("{2150E333-8FDC-42A3-9474-1A3956D46DE8}") = "Libraries", "Libraries", "{216FF262-DF4D-48DE-A52B-E7F5718F32C1}"
EndProject
Project("{9A19103F-16F7-4668-BE54-9A1E7A4F7556}") = "Exwhyzee.Data", "Libraries\Exwhyzee.Data\Exwhyzee.Data.csproj", "{D66BFAF2-A0A7-4666-A0D9-3B9B339C5A8E}"
EndProject
Project("{9A19103F-16F7-4668-BE54-9A1E7A4F7556}") = "Exwhyzee.Core", "Libraries\Exwhyzee.Core\Exwhyzee.Core.csproj", "{5DDE3427-ACA8-4BFD-8125-E1D69CB60776}"
EndProject
Project("{9A19103F-16F7-4668-BE54-9A1E7A4F7556}") = "Exwhyzee.Wimbig.Application", "Exwhyzee.Wimbig.Application\Exwhyzee.Wimbig.Application.csproj", "{D6758B4B-14F6-4C52-9A5C-5D8722254717}"
EndProject
Project("{00D1A9C2-B5F0-4AF3-8072-F6C62B433612}") = "Exwhyzee.Wimbig.Database", "Exwhyzee.Wimbig.Database\Exwhyzee.Wimbig.Database.sqlproj", "{7493DC23-2BF6-4DB2-8764-A73338E9FF82}"
EndProject
Project("{9A19103F-16F7-4668-BE54-9A1E7A4F7556}") = "Exwhyzee.Wimbig.Core", "Exwhyzee.Wimbig.Core\Exwhyzee.Wimbig.Core.csproj", "{546E85E3-F519-48BC-B3C9-1B8FB274D3B6}"
EndProject
Project("{2150E333-8FDC-42A3-9474-1A3956D46DE8}") = "BackgroundServices", "BackgroundServices", "{D14CFD9C-6257-4767-8CF1-A3B0C80B02CC}"
EndProject
Project("{9A19103F-16F7-4668-BE54-9A1E7A4F7556}") = "Exwhyzee.Wimbig.RaffleDrawBgService", "Exwhyzee.Wimbig.RaffleDrawBgService\Exwhyzee.Wimbig.RaffleDrawBgService.csproj", "{AC34501C-12CD-4928-A76A-C37EDF351D8F}"
EndProject
Project("{9A19103F-16F7-4668-BE54-9A1E7A4F7556}") = "Exwhyzee.Wimbig.NotificationService", "Exwhyzee.Wimbig.NotificationService\Exwhyzee.Wimbig.NotificationService.csproj", "{452FB0EE-1BEA-46B2-BB35-F7027E1C2677}"
EndProject
Project("{9A19103F-16F7-4668-BE54-9A1E7A4F7556}") = "Exwhyzee.Wimbig.GameStatsTransactions", "Exwhyzee.Wimbig.GameStatsTransactions\Exwhyzee.Wimbig.GameStatsTransactions.csproj", "{B6E85201-ED3D-4242-A5B6-F9B57F9B341D}"
EndProject
Project("{2150E333-8FDC-42A3-9474-1A3956D46DE8}") = "Mobile", "Mobile", "{F720A721-F214-42AE-A306-5DC594FBE0E1}"
EndProject
Project("{FAE04EC0-301F-11D3-BF4B-00C04F79EFBC}") = "Exwhyzee.Wimbig.App.Android", "Mobile\Exwhyzee.Wimbig.App\Exwhyzee.Wimbig.App.Android\Exwhyzee.Wimbig.App.Android.csproj", "{D6975FF2-AE2F-4973-B16D-4E516F58BE8B}"
EndProject
Project("{FAE04EC0-301F-11D3-BF4B-00C04F79EFBC}") = "Exwhyzee.Wimbig.App.iOS", "Mobile\Exwhyzee.Wimbig.App\Exwhyzee.Wimbig.App.iOS\Exwhyzee.Wimbig.App.iOS.csproj", "{E1C5380E-A369-42F0-A9B9-874A9C619415}"
EndProject
Project("{FAE04EC0-301F-11D3-BF4B-00C04F79EFBC}") = "Exwhyzee.Wimbig.App.UWP", "Mobile\Exwhyzee.Wimbig.App\Exwhyzee.Wimbig.App.UWP\Exwhyzee.Wimbig.App.UWP.csproj", "{B39CEBB0-23C9-45AB-A1EF-FFD82C1C240E}"
EndProject
Project("{9A19103F-16F7-4668-BE54-9A1E7A4F7556}") = "Exwhyzee.Wimbig.App", "Mobile\Exwhyzee.Wimbig.App\Exwhyzee.Wimbig.App\Exwhyzee.Wimbig.App.csproj", "{860C63BD-479E-4B51-80F2-9FE60F029C52}"
EndProject
Project("{9A19103F-16F7-4668-BE54-9A1E7A4F7556}") = "Exwhyzee.Wimbig.AnalysisReport", "Exwhyzee.Wimbig.AnalysisReport\Exwhyzee.Wimbig.AnalysisReport.csproj", "{E2A88206-A716-4592-9107-827DCF6A9780}"
EndProject
Project("{9A19103F-16F7-4668-BE54-9A1E7A4F7556}") = "Exwhyzee.Wimbig.DialyReport", "Exwhyzee.Wimbig.DialyReport\Exwhyzee.Wimbig.DialyReport.csproj", "{D47B1E4A-A357-4F09-8A9E-2425BF7DB781}"
EndProject
Project("{9A19103F-16F7-4668-BE54-9A1E7A4F7556}") = "Exwhyzee.Wimbig.Hangfire.Core", "Exwhyzee.Wimbig.Hangfire.Core\Exwhyzee.Wimbig.Hangfire.Core.csproj", "{5CB49CAB-14BE-4FB2-BDF7-AB6A34AC172E}"
EndProject
Project("{9A19103F-16F7-4668-BE54-9A1E7A4F7556}") = "Exwhyzee.Wimbig.Notification.Web", "Exwhyzee.Wimbig.Notification.Web\Exwhyzee.Wimbig.Notification.Web.csproj", "{0865D982-FAB5-4E42-BB02-869A22FBA820}"
EndProject
Global
	GlobalSection(SolutionConfigurationPlatforms) = preSolution
		Ad-Hoc|Any CPU = Ad-Hoc|Any CPU
		Ad-Hoc|ARM = Ad-Hoc|ARM
		Ad-Hoc|iPhone = Ad-Hoc|iPhone
		Ad-Hoc|iPhoneSimulator = Ad-Hoc|iPhoneSimulator
		Ad-Hoc|x64 = Ad-Hoc|x64
		Ad-Hoc|x86 = Ad-Hoc|x86
		AppStore|Any CPU = AppStore|Any CPU
		AppStore|ARM = AppStore|ARM
		AppStore|iPhone = AppStore|iPhone
		AppStore|iPhoneSimulator = AppStore|iPhoneSimulator
		AppStore|x64 = AppStore|x64
		AppStore|x86 = AppStore|x86
		Debug|Any CPU = Debug|Any CPU
		Debug|ARM = Debug|ARM
		Debug|iPhone = Debug|iPhone
		Debug|iPhoneSimulator = Debug|iPhoneSimulator
		Debug|x64 = Debug|x64
		Debug|x86 = Debug|x86
		Release|Any CPU = Release|Any CPU
		Release|ARM = Release|ARM
		Release|iPhone = Release|iPhone
		Release|iPhoneSimulator = Release|iPhoneSimulator
		Release|x64 = Release|x64
		Release|x86 = Release|x86
	EndGlobalSection
	GlobalSection(ProjectConfigurationPlatforms) = postSolution
		{B6DF997E-4FA6-4810-9D91-6A6DD18DCEBC}.Ad-Hoc|Any CPU.ActiveCfg = Release|Any CPU
		{B6DF997E-4FA6-4810-9D91-6A6DD18DCEBC}.Ad-Hoc|Any CPU.Build.0 = Release|Any CPU
		{B6DF997E-4FA6-4810-9D91-6A6DD18DCEBC}.Ad-Hoc|ARM.ActiveCfg = Release|Any CPU
		{B6DF997E-4FA6-4810-9D91-6A6DD18DCEBC}.Ad-Hoc|ARM.Build.0 = Release|Any CPU
		{B6DF997E-4FA6-4810-9D91-6A6DD18DCEBC}.Ad-Hoc|iPhone.ActiveCfg = Release|Any CPU
		{B6DF997E-4FA6-4810-9D91-6A6DD18DCEBC}.Ad-Hoc|iPhone.Build.0 = Release|Any CPU
		{B6DF997E-4FA6-4810-9D91-6A6DD18DCEBC}.Ad-Hoc|iPhoneSimulator.ActiveCfg = Release|Any CPU
		{B6DF997E-4FA6-4810-9D91-6A6DD18DCEBC}.Ad-Hoc|iPhoneSimulator.Build.0 = Release|Any CPU
		{B6DF997E-4FA6-4810-9D91-6A6DD18DCEBC}.Ad-Hoc|x64.ActiveCfg = Release|Any CPU
		{B6DF997E-4FA6-4810-9D91-6A6DD18DCEBC}.Ad-Hoc|x64.Build.0 = Release|Any CPU
		{B6DF997E-4FA6-4810-9D91-6A6DD18DCEBC}.Ad-Hoc|x86.ActiveCfg = Release|Any CPU
		{B6DF997E-4FA6-4810-9D91-6A6DD18DCEBC}.Ad-Hoc|x86.Build.0 = Release|Any CPU
		{B6DF997E-4FA6-4810-9D91-6A6DD18DCEBC}.AppStore|Any CPU.ActiveCfg = Release|Any CPU
		{B6DF997E-4FA6-4810-9D91-6A6DD18DCEBC}.AppStore|Any CPU.Build.0 = Release|Any CPU
		{B6DF997E-4FA6-4810-9D91-6A6DD18DCEBC}.AppStore|ARM.ActiveCfg = Release|Any CPU
		{B6DF997E-4FA6-4810-9D91-6A6DD18DCEBC}.AppStore|ARM.Build.0 = Release|Any CPU
		{B6DF997E-4FA6-4810-9D91-6A6DD18DCEBC}.AppStore|iPhone.ActiveCfg = Release|Any CPU
		{B6DF997E-4FA6-4810-9D91-6A6DD18DCEBC}.AppStore|iPhone.Build.0 = Release|Any CPU
		{B6DF997E-4FA6-4810-9D91-6A6DD18DCEBC}.AppStore|iPhoneSimulator.ActiveCfg = Release|Any CPU
		{B6DF997E-4FA6-4810-9D91-6A6DD18DCEBC}.AppStore|iPhoneSimulator.Build.0 = Release|Any CPU
		{B6DF997E-4FA6-4810-9D91-6A6DD18DCEBC}.AppStore|x64.ActiveCfg = Release|Any CPU
		{B6DF997E-4FA6-4810-9D91-6A6DD18DCEBC}.AppStore|x64.Build.0 = Release|Any CPU
		{B6DF997E-4FA6-4810-9D91-6A6DD18DCEBC}.AppStore|x86.ActiveCfg = Release|Any CPU
		{B6DF997E-4FA6-4810-9D91-6A6DD18DCEBC}.AppStore|x86.Build.0 = Release|Any CPU
		{B6DF997E-4FA6-4810-9D91-6A6DD18DCEBC}.Debug|Any CPU.ActiveCfg = Debug|Any CPU
		{B6DF997E-4FA6-4810-9D91-6A6DD18DCEBC}.Debug|Any CPU.Build.0 = Debug|Any CPU
		{B6DF997E-4FA6-4810-9D91-6A6DD18DCEBC}.Debug|ARM.ActiveCfg = Debug|Any CPU
		{B6DF997E-4FA6-4810-9D91-6A6DD18DCEBC}.Debug|ARM.Build.0 = Debug|Any CPU
		{B6DF997E-4FA6-4810-9D91-6A6DD18DCEBC}.Debug|iPhone.ActiveCfg = Debug|Any CPU
		{B6DF997E-4FA6-4810-9D91-6A6DD18DCEBC}.Debug|iPhone.Build.0 = Debug|Any CPU
		{B6DF997E-4FA6-4810-9D91-6A6DD18DCEBC}.Debug|iPhoneSimulator.ActiveCfg = Debug|Any CPU
		{B6DF997E-4FA6-4810-9D91-6A6DD18DCEBC}.Debug|iPhoneSimulator.Build.0 = Debug|Any CPU
		{B6DF997E-4FA6-4810-9D91-6A6DD18DCEBC}.Debug|x64.ActiveCfg = Debug|Any CPU
		{B6DF997E-4FA6-4810-9D91-6A6DD18DCEBC}.Debug|x64.Build.0 = Debug|Any CPU
		{B6DF997E-4FA6-4810-9D91-6A6DD18DCEBC}.Debug|x86.ActiveCfg = Debug|Any CPU
		{B6DF997E-4FA6-4810-9D91-6A6DD18DCEBC}.Debug|x86.Build.0 = Debug|Any CPU
		{B6DF997E-4FA6-4810-9D91-6A6DD18DCEBC}.Release|Any CPU.ActiveCfg = Release|Any CPU
		{B6DF997E-4FA6-4810-9D91-6A6DD18DCEBC}.Release|Any CPU.Build.0 = Release|Any CPU
		{B6DF997E-4FA6-4810-9D91-6A6DD18DCEBC}.Release|ARM.ActiveCfg = Release|Any CPU
		{B6DF997E-4FA6-4810-9D91-6A6DD18DCEBC}.Release|ARM.Build.0 = Release|Any CPU
		{B6DF997E-4FA6-4810-9D91-6A6DD18DCEBC}.Release|iPhone.ActiveCfg = Release|Any CPU
		{B6DF997E-4FA6-4810-9D91-6A6DD18DCEBC}.Release|iPhone.Build.0 = Release|Any CPU
		{B6DF997E-4FA6-4810-9D91-6A6DD18DCEBC}.Release|iPhoneSimulator.ActiveCfg = Release|Any CPU
		{B6DF997E-4FA6-4810-9D91-6A6DD18DCEBC}.Release|iPhoneSimulator.Build.0 = Release|Any CPU
		{B6DF997E-4FA6-4810-9D91-6A6DD18DCEBC}.Release|x64.ActiveCfg = Release|Any CPU
		{B6DF997E-4FA6-4810-9D91-6A6DD18DCEBC}.Release|x64.Build.0 = Release|Any CPU
		{B6DF997E-4FA6-4810-9D91-6A6DD18DCEBC}.Release|x86.ActiveCfg = Release|Any CPU
		{B6DF997E-4FA6-4810-9D91-6A6DD18DCEBC}.Release|x86.Build.0 = Release|Any CPU
		{FEF366F1-F513-4908-9C40-E80574EB8FFB}.Ad-Hoc|Any CPU.ActiveCfg = Release|Any CPU
		{FEF366F1-F513-4908-9C40-E80574EB8FFB}.Ad-Hoc|Any CPU.Build.0 = Release|Any CPU
		{FEF366F1-F513-4908-9C40-E80574EB8FFB}.Ad-Hoc|ARM.ActiveCfg = Release|Any CPU
		{FEF366F1-F513-4908-9C40-E80574EB8FFB}.Ad-Hoc|ARM.Build.0 = Release|Any CPU
		{FEF366F1-F513-4908-9C40-E80574EB8FFB}.Ad-Hoc|iPhone.ActiveCfg = Release|Any CPU
		{FEF366F1-F513-4908-9C40-E80574EB8FFB}.Ad-Hoc|iPhone.Build.0 = Release|Any CPU
		{FEF366F1-F513-4908-9C40-E80574EB8FFB}.Ad-Hoc|iPhoneSimulator.ActiveCfg = Release|Any CPU
		{FEF366F1-F513-4908-9C40-E80574EB8FFB}.Ad-Hoc|iPhoneSimulator.Build.0 = Release|Any CPU
		{FEF366F1-F513-4908-9C40-E80574EB8FFB}.Ad-Hoc|x64.ActiveCfg = Release|Any CPU
		{FEF366F1-F513-4908-9C40-E80574EB8FFB}.Ad-Hoc|x64.Build.0 = Release|Any CPU
		{FEF366F1-F513-4908-9C40-E80574EB8FFB}.Ad-Hoc|x86.ActiveCfg = Release|Any CPU
		{FEF366F1-F513-4908-9C40-E80574EB8FFB}.Ad-Hoc|x86.Build.0 = Release|Any CPU
		{FEF366F1-F513-4908-9C40-E80574EB8FFB}.AppStore|Any CPU.ActiveCfg = Release|Any CPU
		{FEF366F1-F513-4908-9C40-E80574EB8FFB}.AppStore|Any CPU.Build.0 = Release|Any CPU
		{FEF366F1-F513-4908-9C40-E80574EB8FFB}.AppStore|ARM.ActiveCfg = Release|Any CPU
		{FEF366F1-F513-4908-9C40-E80574EB8FFB}.AppStore|ARM.Build.0 = Release|Any CPU
		{FEF366F1-F513-4908-9C40-E80574EB8FFB}.AppStore|iPhone.ActiveCfg = Release|Any CPU
		{FEF366F1-F513-4908-9C40-E80574EB8FFB}.AppStore|iPhone.Build.0 = Release|Any CPU
		{FEF366F1-F513-4908-9C40-E80574EB8FFB}.AppStore|iPhoneSimulator.ActiveCfg = Release|Any CPU
		{FEF366F1-F513-4908-9C40-E80574EB8FFB}.AppStore|iPhoneSimulator.Build.0 = Release|Any CPU
		{FEF366F1-F513-4908-9C40-E80574EB8FFB}.AppStore|x64.ActiveCfg = Release|Any CPU
		{FEF366F1-F513-4908-9C40-E80574EB8FFB}.AppStore|x64.Build.0 = Release|Any CPU
		{FEF366F1-F513-4908-9C40-E80574EB8FFB}.AppStore|x86.ActiveCfg = Release|Any CPU
		{FEF366F1-F513-4908-9C40-E80574EB8FFB}.AppStore|x86.Build.0 = Release|Any CPU
		{FEF366F1-F513-4908-9C40-E80574EB8FFB}.Debug|Any CPU.ActiveCfg = Debug|Any CPU
		{FEF366F1-F513-4908-9C40-E80574EB8FFB}.Debug|Any CPU.Build.0 = Debug|Any CPU
		{FEF366F1-F513-4908-9C40-E80574EB8FFB}.Debug|ARM.ActiveCfg = Debug|Any CPU
		{FEF366F1-F513-4908-9C40-E80574EB8FFB}.Debug|ARM.Build.0 = Debug|Any CPU
		{FEF366F1-F513-4908-9C40-E80574EB8FFB}.Debug|iPhone.ActiveCfg = Debug|Any CPU
		{FEF366F1-F513-4908-9C40-E80574EB8FFB}.Debug|iPhone.Build.0 = Debug|Any CPU
		{FEF366F1-F513-4908-9C40-E80574EB8FFB}.Debug|iPhoneSimulator.ActiveCfg = Debug|Any CPU
		{FEF366F1-F513-4908-9C40-E80574EB8FFB}.Debug|iPhoneSimulator.Build.0 = Debug|Any CPU
		{FEF366F1-F513-4908-9C40-E80574EB8FFB}.Debug|x64.ActiveCfg = Debug|Any CPU
		{FEF366F1-F513-4908-9C40-E80574EB8FFB}.Debug|x64.Build.0 = Debug|Any CPU
		{FEF366F1-F513-4908-9C40-E80574EB8FFB}.Debug|x86.ActiveCfg = Debug|Any CPU
		{FEF366F1-F513-4908-9C40-E80574EB8FFB}.Debug|x86.Build.0 = Debug|Any CPU
		{FEF366F1-F513-4908-9C40-E80574EB8FFB}.Release|Any CPU.ActiveCfg = Release|Any CPU
		{FEF366F1-F513-4908-9C40-E80574EB8FFB}.Release|Any CPU.Build.0 = Release|Any CPU
		{FEF366F1-F513-4908-9C40-E80574EB8FFB}.Release|ARM.ActiveCfg = Release|Any CPU
		{FEF366F1-F513-4908-9C40-E80574EB8FFB}.Release|ARM.Build.0 = Release|Any CPU
		{FEF366F1-F513-4908-9C40-E80574EB8FFB}.Release|iPhone.ActiveCfg = Release|Any CPU
		{FEF366F1-F513-4908-9C40-E80574EB8FFB}.Release|iPhone.Build.0 = Release|Any CPU
		{FEF366F1-F513-4908-9C40-E80574EB8FFB}.Release|iPhoneSimulator.ActiveCfg = Release|Any CPU
		{FEF366F1-F513-4908-9C40-E80574EB8FFB}.Release|iPhoneSimulator.Build.0 = Release|Any CPU
		{FEF366F1-F513-4908-9C40-E80574EB8FFB}.Release|x64.ActiveCfg = Release|Any CPU
		{FEF366F1-F513-4908-9C40-E80574EB8FFB}.Release|x64.Build.0 = Release|Any CPU
		{FEF366F1-F513-4908-9C40-E80574EB8FFB}.Release|x86.ActiveCfg = Release|Any CPU
		{FEF366F1-F513-4908-9C40-E80574EB8FFB}.Release|x86.Build.0 = Release|Any CPU
		{9BA397C2-D8EF-45AC-9F9B-CBD5966EA159}.Ad-Hoc|Any CPU.ActiveCfg = Release|Any CPU
		{9BA397C2-D8EF-45AC-9F9B-CBD5966EA159}.Ad-Hoc|Any CPU.Build.0 = Release|Any CPU
		{9BA397C2-D8EF-45AC-9F9B-CBD5966EA159}.Ad-Hoc|ARM.ActiveCfg = Release|Any CPU
		{9BA397C2-D8EF-45AC-9F9B-CBD5966EA159}.Ad-Hoc|ARM.Build.0 = Release|Any CPU
		{9BA397C2-D8EF-45AC-9F9B-CBD5966EA159}.Ad-Hoc|iPhone.ActiveCfg = Release|Any CPU
		{9BA397C2-D8EF-45AC-9F9B-CBD5966EA159}.Ad-Hoc|iPhone.Build.0 = Release|Any CPU
		{9BA397C2-D8EF-45AC-9F9B-CBD5966EA159}.Ad-Hoc|iPhoneSimulator.ActiveCfg = Release|Any CPU
		{9BA397C2-D8EF-45AC-9F9B-CBD5966EA159}.Ad-Hoc|iPhoneSimulator.Build.0 = Release|Any CPU
		{9BA397C2-D8EF-45AC-9F9B-CBD5966EA159}.Ad-Hoc|x64.ActiveCfg = Release|Any CPU
		{9BA397C2-D8EF-45AC-9F9B-CBD5966EA159}.Ad-Hoc|x64.Build.0 = Release|Any CPU
		{9BA397C2-D8EF-45AC-9F9B-CBD5966EA159}.Ad-Hoc|x86.ActiveCfg = Release|Any CPU
		{9BA397C2-D8EF-45AC-9F9B-CBD5966EA159}.Ad-Hoc|x86.Build.0 = Release|Any CPU
		{9BA397C2-D8EF-45AC-9F9B-CBD5966EA159}.AppStore|Any CPU.ActiveCfg = Release|Any CPU
		{9BA397C2-D8EF-45AC-9F9B-CBD5966EA159}.AppStore|Any CPU.Build.0 = Release|Any CPU
		{9BA397C2-D8EF-45AC-9F9B-CBD5966EA159}.AppStore|ARM.ActiveCfg = Release|Any CPU
		{9BA397C2-D8EF-45AC-9F9B-CBD5966EA159}.AppStore|ARM.Build.0 = Release|Any CPU
		{9BA397C2-D8EF-45AC-9F9B-CBD5966EA159}.AppStore|iPhone.ActiveCfg = Release|Any CPU
		{9BA397C2-D8EF-45AC-9F9B-CBD5966EA159}.AppStore|iPhone.Build.0 = Release|Any CPU
		{9BA397C2-D8EF-45AC-9F9B-CBD5966EA159}.AppStore|iPhoneSimulator.ActiveCfg = Release|Any CPU
		{9BA397C2-D8EF-45AC-9F9B-CBD5966EA159}.AppStore|iPhoneSimulator.Build.0 = Release|Any CPU
		{9BA397C2-D8EF-45AC-9F9B-CBD5966EA159}.AppStore|x64.ActiveCfg = Release|Any CPU
		{9BA397C2-D8EF-45AC-9F9B-CBD5966EA159}.AppStore|x64.Build.0 = Release|Any CPU
		{9BA397C2-D8EF-45AC-9F9B-CBD5966EA159}.AppStore|x86.ActiveCfg = Release|Any CPU
		{9BA397C2-D8EF-45AC-9F9B-CBD5966EA159}.AppStore|x86.Build.0 = Release|Any CPU
		{9BA397C2-D8EF-45AC-9F9B-CBD5966EA159}.Debug|Any CPU.ActiveCfg = Debug|Any CPU
		{9BA397C2-D8EF-45AC-9F9B-CBD5966EA159}.Debug|Any CPU.Build.0 = Debug|Any CPU
		{9BA397C2-D8EF-45AC-9F9B-CBD5966EA159}.Debug|ARM.ActiveCfg = Debug|Any CPU
		{9BA397C2-D8EF-45AC-9F9B-CBD5966EA159}.Debug|ARM.Build.0 = Debug|Any CPU
		{9BA397C2-D8EF-45AC-9F9B-CBD5966EA159}.Debug|iPhone.ActiveCfg = Debug|Any CPU
		{9BA397C2-D8EF-45AC-9F9B-CBD5966EA159}.Debug|iPhone.Build.0 = Debug|Any CPU
		{9BA397C2-D8EF-45AC-9F9B-CBD5966EA159}.Debug|iPhoneSimulator.ActiveCfg = Debug|Any CPU
		{9BA397C2-D8EF-45AC-9F9B-CBD5966EA159}.Debug|iPhoneSimulator.Build.0 = Debug|Any CPU
		{9BA397C2-D8EF-45AC-9F9B-CBD5966EA159}.Debug|x64.ActiveCfg = Debug|Any CPU
		{9BA397C2-D8EF-45AC-9F9B-CBD5966EA159}.Debug|x64.Build.0 = Debug|Any CPU
		{9BA397C2-D8EF-45AC-9F9B-CBD5966EA159}.Debug|x86.ActiveCfg = Debug|Any CPU
		{9BA397C2-D8EF-45AC-9F9B-CBD5966EA159}.Debug|x86.Build.0 = Debug|Any CPU
		{9BA397C2-D8EF-45AC-9F9B-CBD5966EA159}.Release|Any CPU.ActiveCfg = Release|Any CPU
		{9BA397C2-D8EF-45AC-9F9B-CBD5966EA159}.Release|Any CPU.Build.0 = Release|Any CPU
		{9BA397C2-D8EF-45AC-9F9B-CBD5966EA159}.Release|ARM.ActiveCfg = Release|Any CPU
		{9BA397C2-D8EF-45AC-9F9B-CBD5966EA159}.Release|ARM.Build.0 = Release|Any CPU
		{9BA397C2-D8EF-45AC-9F9B-CBD5966EA159}.Release|iPhone.ActiveCfg = Release|Any CPU
		{9BA397C2-D8EF-45AC-9F9B-CBD5966EA159}.Release|iPhone.Build.0 = Release|Any CPU
		{9BA397C2-D8EF-45AC-9F9B-CBD5966EA159}.Release|iPhoneSimulator.ActiveCfg = Release|Any CPU
		{9BA397C2-D8EF-45AC-9F9B-CBD5966EA159}.Release|iPhoneSimulator.Build.0 = Release|Any CPU
		{9BA397C2-D8EF-45AC-9F9B-CBD5966EA159}.Release|x64.ActiveCfg = Release|Any CPU
		{9BA397C2-D8EF-45AC-9F9B-CBD5966EA159}.Release|x64.Build.0 = Release|Any CPU
		{9BA397C2-D8EF-45AC-9F9B-CBD5966EA159}.Release|x86.ActiveCfg = Release|Any CPU
		{9BA397C2-D8EF-45AC-9F9B-CBD5966EA159}.Release|x86.Build.0 = Release|Any CPU
		{D66BFAF2-A0A7-4666-A0D9-3B9B339C5A8E}.Ad-Hoc|Any CPU.ActiveCfg = Release|Any CPU
		{D66BFAF2-A0A7-4666-A0D9-3B9B339C5A8E}.Ad-Hoc|Any CPU.Build.0 = Release|Any CPU
		{D66BFAF2-A0A7-4666-A0D9-3B9B339C5A8E}.Ad-Hoc|ARM.ActiveCfg = Release|Any CPU
		{D66BFAF2-A0A7-4666-A0D9-3B9B339C5A8E}.Ad-Hoc|ARM.Build.0 = Release|Any CPU
		{D66BFAF2-A0A7-4666-A0D9-3B9B339C5A8E}.Ad-Hoc|iPhone.ActiveCfg = Release|Any CPU
		{D66BFAF2-A0A7-4666-A0D9-3B9B339C5A8E}.Ad-Hoc|iPhone.Build.0 = Release|Any CPU
		{D66BFAF2-A0A7-4666-A0D9-3B9B339C5A8E}.Ad-Hoc|iPhoneSimulator.ActiveCfg = Release|Any CPU
		{D66BFAF2-A0A7-4666-A0D9-3B9B339C5A8E}.Ad-Hoc|iPhoneSimulator.Build.0 = Release|Any CPU
		{D66BFAF2-A0A7-4666-A0D9-3B9B339C5A8E}.Ad-Hoc|x64.ActiveCfg = Release|Any CPU
		{D66BFAF2-A0A7-4666-A0D9-3B9B339C5A8E}.Ad-Hoc|x64.Build.0 = Release|Any CPU
		{D66BFAF2-A0A7-4666-A0D9-3B9B339C5A8E}.Ad-Hoc|x86.ActiveCfg = Release|Any CPU
		{D66BFAF2-A0A7-4666-A0D9-3B9B339C5A8E}.Ad-Hoc|x86.Build.0 = Release|Any CPU
		{D66BFAF2-A0A7-4666-A0D9-3B9B339C5A8E}.AppStore|Any CPU.ActiveCfg = Release|Any CPU
		{D66BFAF2-A0A7-4666-A0D9-3B9B339C5A8E}.AppStore|Any CPU.Build.0 = Release|Any CPU
		{D66BFAF2-A0A7-4666-A0D9-3B9B339C5A8E}.AppStore|ARM.ActiveCfg = Release|Any CPU
		{D66BFAF2-A0A7-4666-A0D9-3B9B339C5A8E}.AppStore|ARM.Build.0 = Release|Any CPU
		{D66BFAF2-A0A7-4666-A0D9-3B9B339C5A8E}.AppStore|iPhone.ActiveCfg = Release|Any CPU
		{D66BFAF2-A0A7-4666-A0D9-3B9B339C5A8E}.AppStore|iPhone.Build.0 = Release|Any CPU
		{D66BFAF2-A0A7-4666-A0D9-3B9B339C5A8E}.AppStore|iPhoneSimulator.ActiveCfg = Release|Any CPU
		{D66BFAF2-A0A7-4666-A0D9-3B9B339C5A8E}.AppStore|iPhoneSimulator.Build.0 = Release|Any CPU
		{D66BFAF2-A0A7-4666-A0D9-3B9B339C5A8E}.AppStore|x64.ActiveCfg = Release|Any CPU
		{D66BFAF2-A0A7-4666-A0D9-3B9B339C5A8E}.AppStore|x64.Build.0 = Release|Any CPU
		{D66BFAF2-A0A7-4666-A0D9-3B9B339C5A8E}.AppStore|x86.ActiveCfg = Release|Any CPU
		{D66BFAF2-A0A7-4666-A0D9-3B9B339C5A8E}.AppStore|x86.Build.0 = Release|Any CPU
		{D66BFAF2-A0A7-4666-A0D9-3B9B339C5A8E}.Debug|Any CPU.ActiveCfg = Debug|Any CPU
		{D66BFAF2-A0A7-4666-A0D9-3B9B339C5A8E}.Debug|Any CPU.Build.0 = Debug|Any CPU
		{D66BFAF2-A0A7-4666-A0D9-3B9B339C5A8E}.Debug|ARM.ActiveCfg = Debug|Any CPU
		{D66BFAF2-A0A7-4666-A0D9-3B9B339C5A8E}.Debug|ARM.Build.0 = Debug|Any CPU
		{D66BFAF2-A0A7-4666-A0D9-3B9B339C5A8E}.Debug|iPhone.ActiveCfg = Debug|Any CPU
		{D66BFAF2-A0A7-4666-A0D9-3B9B339C5A8E}.Debug|iPhone.Build.0 = Debug|Any CPU
		{D66BFAF2-A0A7-4666-A0D9-3B9B339C5A8E}.Debug|iPhoneSimulator.ActiveCfg = Debug|Any CPU
		{D66BFAF2-A0A7-4666-A0D9-3B9B339C5A8E}.Debug|iPhoneSimulator.Build.0 = Debug|Any CPU
		{D66BFAF2-A0A7-4666-A0D9-3B9B339C5A8E}.Debug|x64.ActiveCfg = Debug|Any CPU
		{D66BFAF2-A0A7-4666-A0D9-3B9B339C5A8E}.Debug|x64.Build.0 = Debug|Any CPU
		{D66BFAF2-A0A7-4666-A0D9-3B9B339C5A8E}.Debug|x86.ActiveCfg = Debug|Any CPU
		{D66BFAF2-A0A7-4666-A0D9-3B9B339C5A8E}.Debug|x86.Build.0 = Debug|Any CPU
		{D66BFAF2-A0A7-4666-A0D9-3B9B339C5A8E}.Release|Any CPU.ActiveCfg = Release|Any CPU
		{D66BFAF2-A0A7-4666-A0D9-3B9B339C5A8E}.Release|Any CPU.Build.0 = Release|Any CPU
		{D66BFAF2-A0A7-4666-A0D9-3B9B339C5A8E}.Release|ARM.ActiveCfg = Release|Any CPU
		{D66BFAF2-A0A7-4666-A0D9-3B9B339C5A8E}.Release|ARM.Build.0 = Release|Any CPU
		{D66BFAF2-A0A7-4666-A0D9-3B9B339C5A8E}.Release|iPhone.ActiveCfg = Release|Any CPU
		{D66BFAF2-A0A7-4666-A0D9-3B9B339C5A8E}.Release|iPhone.Build.0 = Release|Any CPU
		{D66BFAF2-A0A7-4666-A0D9-3B9B339C5A8E}.Release|iPhoneSimulator.ActiveCfg = Release|Any CPU
		{D66BFAF2-A0A7-4666-A0D9-3B9B339C5A8E}.Release|iPhoneSimulator.Build.0 = Release|Any CPU
		{D66BFAF2-A0A7-4666-A0D9-3B9B339C5A8E}.Release|x64.ActiveCfg = Release|Any CPU
		{D66BFAF2-A0A7-4666-A0D9-3B9B339C5A8E}.Release|x64.Build.0 = Release|Any CPU
		{D66BFAF2-A0A7-4666-A0D9-3B9B339C5A8E}.Release|x86.ActiveCfg = Release|Any CPU
		{D66BFAF2-A0A7-4666-A0D9-3B9B339C5A8E}.Release|x86.Build.0 = Release|Any CPU
		{5DDE3427-ACA8-4BFD-8125-E1D69CB60776}.Ad-Hoc|Any CPU.ActiveCfg = Release|Any CPU
		{5DDE3427-ACA8-4BFD-8125-E1D69CB60776}.Ad-Hoc|Any CPU.Build.0 = Release|Any CPU
		{5DDE3427-ACA8-4BFD-8125-E1D69CB60776}.Ad-Hoc|ARM.ActiveCfg = Release|Any CPU
		{5DDE3427-ACA8-4BFD-8125-E1D69CB60776}.Ad-Hoc|ARM.Build.0 = Release|Any CPU
		{5DDE3427-ACA8-4BFD-8125-E1D69CB60776}.Ad-Hoc|iPhone.ActiveCfg = Release|Any CPU
		{5DDE3427-ACA8-4BFD-8125-E1D69CB60776}.Ad-Hoc|iPhone.Build.0 = Release|Any CPU
		{5DDE3427-ACA8-4BFD-8125-E1D69CB60776}.Ad-Hoc|iPhoneSimulator.ActiveCfg = Release|Any CPU
		{5DDE3427-ACA8-4BFD-8125-E1D69CB60776}.Ad-Hoc|iPhoneSimulator.Build.0 = Release|Any CPU
		{5DDE3427-ACA8-4BFD-8125-E1D69CB60776}.Ad-Hoc|x64.ActiveCfg = Release|Any CPU
		{5DDE3427-ACA8-4BFD-8125-E1D69CB60776}.Ad-Hoc|x64.Build.0 = Release|Any CPU
		{5DDE3427-ACA8-4BFD-8125-E1D69CB60776}.Ad-Hoc|x86.ActiveCfg = Release|Any CPU
		{5DDE3427-ACA8-4BFD-8125-E1D69CB60776}.Ad-Hoc|x86.Build.0 = Release|Any CPU
		{5DDE3427-ACA8-4BFD-8125-E1D69CB60776}.AppStore|Any CPU.ActiveCfg = Release|Any CPU
		{5DDE3427-ACA8-4BFD-8125-E1D69CB60776}.AppStore|Any CPU.Build.0 = Release|Any CPU
		{5DDE3427-ACA8-4BFD-8125-E1D69CB60776}.AppStore|ARM.ActiveCfg = Release|Any CPU
		{5DDE3427-ACA8-4BFD-8125-E1D69CB60776}.AppStore|ARM.Build.0 = Release|Any CPU
		{5DDE3427-ACA8-4BFD-8125-E1D69CB60776}.AppStore|iPhone.ActiveCfg = Release|Any CPU
		{5DDE3427-ACA8-4BFD-8125-E1D69CB60776}.AppStore|iPhone.Build.0 = Release|Any CPU
		{5DDE3427-ACA8-4BFD-8125-E1D69CB60776}.AppStore|iPhoneSimulator.ActiveCfg = Release|Any CPU
		{5DDE3427-ACA8-4BFD-8125-E1D69CB60776}.AppStore|iPhoneSimulator.Build.0 = Release|Any CPU
		{5DDE3427-ACA8-4BFD-8125-E1D69CB60776}.AppStore|x64.ActiveCfg = Release|Any CPU
		{5DDE3427-ACA8-4BFD-8125-E1D69CB60776}.AppStore|x64.Build.0 = Release|Any CPU
		{5DDE3427-ACA8-4BFD-8125-E1D69CB60776}.AppStore|x86.ActiveCfg = Release|Any CPU
		{5DDE3427-ACA8-4BFD-8125-E1D69CB60776}.AppStore|x86.Build.0 = Release|Any CPU
		{5DDE3427-ACA8-4BFD-8125-E1D69CB60776}.Debug|Any CPU.ActiveCfg = Debug|Any CPU
		{5DDE3427-ACA8-4BFD-8125-E1D69CB60776}.Debug|Any CPU.Build.0 = Debug|Any CPU
		{5DDE3427-ACA8-4BFD-8125-E1D69CB60776}.Debug|ARM.ActiveCfg = Debug|Any CPU
		{5DDE3427-ACA8-4BFD-8125-E1D69CB60776}.Debug|ARM.Build.0 = Debug|Any CPU
		{5DDE3427-ACA8-4BFD-8125-E1D69CB60776}.Debug|iPhone.ActiveCfg = Debug|Any CPU
		{5DDE3427-ACA8-4BFD-8125-E1D69CB60776}.Debug|iPhone.Build.0 = Debug|Any CPU
		{5DDE3427-ACA8-4BFD-8125-E1D69CB60776}.Debug|iPhoneSimulator.ActiveCfg = Debug|Any CPU
		{5DDE3427-ACA8-4BFD-8125-E1D69CB60776}.Debug|iPhoneSimulator.Build.0 = Debug|Any CPU
		{5DDE3427-ACA8-4BFD-8125-E1D69CB60776}.Debug|x64.ActiveCfg = Debug|Any CPU
		{5DDE3427-ACA8-4BFD-8125-E1D69CB60776}.Debug|x64.Build.0 = Debug|Any CPU
		{5DDE3427-ACA8-4BFD-8125-E1D69CB60776}.Debug|x86.ActiveCfg = Debug|Any CPU
		{5DDE3427-ACA8-4BFD-8125-E1D69CB60776}.Debug|x86.Build.0 = Debug|Any CPU
		{5DDE3427-ACA8-4BFD-8125-E1D69CB60776}.Release|Any CPU.ActiveCfg = Release|Any CPU
		{5DDE3427-ACA8-4BFD-8125-E1D69CB60776}.Release|Any CPU.Build.0 = Release|Any CPU
		{5DDE3427-ACA8-4BFD-8125-E1D69CB60776}.Release|ARM.ActiveCfg = Release|Any CPU
		{5DDE3427-ACA8-4BFD-8125-E1D69CB60776}.Release|ARM.Build.0 = Release|Any CPU
		{5DDE3427-ACA8-4BFD-8125-E1D69CB60776}.Release|iPhone.ActiveCfg = Release|Any CPU
		{5DDE3427-ACA8-4BFD-8125-E1D69CB60776}.Release|iPhone.Build.0 = Release|Any CPU
		{5DDE3427-ACA8-4BFD-8125-E1D69CB60776}.Release|iPhoneSimulator.ActiveCfg = Release|Any CPU
		{5DDE3427-ACA8-4BFD-8125-E1D69CB60776}.Release|iPhoneSimulator.Build.0 = Release|Any CPU
		{5DDE3427-ACA8-4BFD-8125-E1D69CB60776}.Release|x64.ActiveCfg = Release|Any CPU
		{5DDE3427-ACA8-4BFD-8125-E1D69CB60776}.Release|x64.Build.0 = Release|Any CPU
		{5DDE3427-ACA8-4BFD-8125-E1D69CB60776}.Release|x86.ActiveCfg = Release|Any CPU
		{5DDE3427-ACA8-4BFD-8125-E1D69CB60776}.Release|x86.Build.0 = Release|Any CPU
		{D6758B4B-14F6-4C52-9A5C-5D8722254717}.Ad-Hoc|Any CPU.ActiveCfg = Release|Any CPU
		{D6758B4B-14F6-4C52-9A5C-5D8722254717}.Ad-Hoc|Any CPU.Build.0 = Release|Any CPU
		{D6758B4B-14F6-4C52-9A5C-5D8722254717}.Ad-Hoc|ARM.ActiveCfg = Release|Any CPU
		{D6758B4B-14F6-4C52-9A5C-5D8722254717}.Ad-Hoc|ARM.Build.0 = Release|Any CPU
		{D6758B4B-14F6-4C52-9A5C-5D8722254717}.Ad-Hoc|iPhone.ActiveCfg = Release|Any CPU
		{D6758B4B-14F6-4C52-9A5C-5D8722254717}.Ad-Hoc|iPhone.Build.0 = Release|Any CPU
		{D6758B4B-14F6-4C52-9A5C-5D8722254717}.Ad-Hoc|iPhoneSimulator.ActiveCfg = Release|Any CPU
		{D6758B4B-14F6-4C52-9A5C-5D8722254717}.Ad-Hoc|iPhoneSimulator.Build.0 = Release|Any CPU
		{D6758B4B-14F6-4C52-9A5C-5D8722254717}.Ad-Hoc|x64.ActiveCfg = Release|Any CPU
		{D6758B4B-14F6-4C52-9A5C-5D8722254717}.Ad-Hoc|x64.Build.0 = Release|Any CPU
		{D6758B4B-14F6-4C52-9A5C-5D8722254717}.Ad-Hoc|x86.ActiveCfg = Release|Any CPU
		{D6758B4B-14F6-4C52-9A5C-5D8722254717}.Ad-Hoc|x86.Build.0 = Release|Any CPU
		{D6758B4B-14F6-4C52-9A5C-5D8722254717}.AppStore|Any CPU.ActiveCfg = Release|Any CPU
		{D6758B4B-14F6-4C52-9A5C-5D8722254717}.AppStore|Any CPU.Build.0 = Release|Any CPU
		{D6758B4B-14F6-4C52-9A5C-5D8722254717}.AppStore|ARM.ActiveCfg = Release|Any CPU
		{D6758B4B-14F6-4C52-9A5C-5D8722254717}.AppStore|ARM.Build.0 = Release|Any CPU
		{D6758B4B-14F6-4C52-9A5C-5D8722254717}.AppStore|iPhone.ActiveCfg = Release|Any CPU
		{D6758B4B-14F6-4C52-9A5C-5D8722254717}.AppStore|iPhone.Build.0 = Release|Any CPU
		{D6758B4B-14F6-4C52-9A5C-5D8722254717}.AppStore|iPhoneSimulator.ActiveCfg = Release|Any CPU
		{D6758B4B-14F6-4C52-9A5C-5D8722254717}.AppStore|iPhoneSimulator.Build.0 = Release|Any CPU
		{D6758B4B-14F6-4C52-9A5C-5D8722254717}.AppStore|x64.ActiveCfg = Release|Any CPU
		{D6758B4B-14F6-4C52-9A5C-5D8722254717}.AppStore|x64.Build.0 = Release|Any CPU
		{D6758B4B-14F6-4C52-9A5C-5D8722254717}.AppStore|x86.ActiveCfg = Release|Any CPU
		{D6758B4B-14F6-4C52-9A5C-5D8722254717}.AppStore|x86.Build.0 = Release|Any CPU
		{D6758B4B-14F6-4C52-9A5C-5D8722254717}.Debug|Any CPU.ActiveCfg = Debug|Any CPU
		{D6758B4B-14F6-4C52-9A5C-5D8722254717}.Debug|Any CPU.Build.0 = Debug|Any CPU
		{D6758B4B-14F6-4C52-9A5C-5D8722254717}.Debug|ARM.ActiveCfg = Debug|Any CPU
		{D6758B4B-14F6-4C52-9A5C-5D8722254717}.Debug|ARM.Build.0 = Debug|Any CPU
		{D6758B4B-14F6-4C52-9A5C-5D8722254717}.Debug|iPhone.ActiveCfg = Debug|Any CPU
		{D6758B4B-14F6-4C52-9A5C-5D8722254717}.Debug|iPhone.Build.0 = Debug|Any CPU
		{D6758B4B-14F6-4C52-9A5C-5D8722254717}.Debug|iPhoneSimulator.ActiveCfg = Debug|Any CPU
		{D6758B4B-14F6-4C52-9A5C-5D8722254717}.Debug|iPhoneSimulator.Build.0 = Debug|Any CPU
		{D6758B4B-14F6-4C52-9A5C-5D8722254717}.Debug|x64.ActiveCfg = Debug|Any CPU
		{D6758B4B-14F6-4C52-9A5C-5D8722254717}.Debug|x64.Build.0 = Debug|Any CPU
		{D6758B4B-14F6-4C52-9A5C-5D8722254717}.Debug|x86.ActiveCfg = Debug|Any CPU
		{D6758B4B-14F6-4C52-9A5C-5D8722254717}.Debug|x86.Build.0 = Debug|Any CPU
		{D6758B4B-14F6-4C52-9A5C-5D8722254717}.Release|Any CPU.ActiveCfg = Release|Any CPU
		{D6758B4B-14F6-4C52-9A5C-5D8722254717}.Release|Any CPU.Build.0 = Release|Any CPU
		{D6758B4B-14F6-4C52-9A5C-5D8722254717}.Release|ARM.ActiveCfg = Release|Any CPU
		{D6758B4B-14F6-4C52-9A5C-5D8722254717}.Release|ARM.Build.0 = Release|Any CPU
		{D6758B4B-14F6-4C52-9A5C-5D8722254717}.Release|iPhone.ActiveCfg = Release|Any CPU
		{D6758B4B-14F6-4C52-9A5C-5D8722254717}.Release|iPhone.Build.0 = Release|Any CPU
		{D6758B4B-14F6-4C52-9A5C-5D8722254717}.Release|iPhoneSimulator.ActiveCfg = Release|Any CPU
		{D6758B4B-14F6-4C52-9A5C-5D8722254717}.Release|iPhoneSimulator.Build.0 = Release|Any CPU
		{D6758B4B-14F6-4C52-9A5C-5D8722254717}.Release|x64.ActiveCfg = Release|Any CPU
		{D6758B4B-14F6-4C52-9A5C-5D8722254717}.Release|x64.Build.0 = Release|Any CPU
		{D6758B4B-14F6-4C52-9A5C-5D8722254717}.Release|x86.ActiveCfg = Release|Any CPU
		{D6758B4B-14F6-4C52-9A5C-5D8722254717}.Release|x86.Build.0 = Release|Any CPU
		{7493DC23-2BF6-4DB2-8764-A73338E9FF82}.Ad-Hoc|Any CPU.ActiveCfg = Release|Any CPU
		{7493DC23-2BF6-4DB2-8764-A73338E9FF82}.Ad-Hoc|Any CPU.Build.0 = Release|Any CPU
		{7493DC23-2BF6-4DB2-8764-A73338E9FF82}.Ad-Hoc|Any CPU.Deploy.0 = Release|Any CPU
		{7493DC23-2BF6-4DB2-8764-A73338E9FF82}.Ad-Hoc|ARM.ActiveCfg = Release|Any CPU
		{7493DC23-2BF6-4DB2-8764-A73338E9FF82}.Ad-Hoc|ARM.Build.0 = Release|Any CPU
		{7493DC23-2BF6-4DB2-8764-A73338E9FF82}.Ad-Hoc|ARM.Deploy.0 = Release|Any CPU
		{7493DC23-2BF6-4DB2-8764-A73338E9FF82}.Ad-Hoc|iPhone.ActiveCfg = Release|Any CPU
		{7493DC23-2BF6-4DB2-8764-A73338E9FF82}.Ad-Hoc|iPhone.Build.0 = Release|Any CPU
		{7493DC23-2BF6-4DB2-8764-A73338E9FF82}.Ad-Hoc|iPhone.Deploy.0 = Release|Any CPU
		{7493DC23-2BF6-4DB2-8764-A73338E9FF82}.Ad-Hoc|iPhoneSimulator.ActiveCfg = Release|Any CPU
		{7493DC23-2BF6-4DB2-8764-A73338E9FF82}.Ad-Hoc|iPhoneSimulator.Build.0 = Release|Any CPU
		{7493DC23-2BF6-4DB2-8764-A73338E9FF82}.Ad-Hoc|iPhoneSimulator.Deploy.0 = Release|Any CPU
		{7493DC23-2BF6-4DB2-8764-A73338E9FF82}.Ad-Hoc|x64.ActiveCfg = Release|Any CPU
		{7493DC23-2BF6-4DB2-8764-A73338E9FF82}.Ad-Hoc|x64.Build.0 = Release|Any CPU
		{7493DC23-2BF6-4DB2-8764-A73338E9FF82}.Ad-Hoc|x64.Deploy.0 = Release|Any CPU
		{7493DC23-2BF6-4DB2-8764-A73338E9FF82}.Ad-Hoc|x86.ActiveCfg = Release|Any CPU
		{7493DC23-2BF6-4DB2-8764-A73338E9FF82}.Ad-Hoc|x86.Build.0 = Release|Any CPU
		{7493DC23-2BF6-4DB2-8764-A73338E9FF82}.Ad-Hoc|x86.Deploy.0 = Release|Any CPU
		{7493DC23-2BF6-4DB2-8764-A73338E9FF82}.AppStore|Any CPU.ActiveCfg = Release|Any CPU
		{7493DC23-2BF6-4DB2-8764-A73338E9FF82}.AppStore|Any CPU.Build.0 = Release|Any CPU
		{7493DC23-2BF6-4DB2-8764-A73338E9FF82}.AppStore|Any CPU.Deploy.0 = Release|Any CPU
		{7493DC23-2BF6-4DB2-8764-A73338E9FF82}.AppStore|ARM.ActiveCfg = Release|Any CPU
		{7493DC23-2BF6-4DB2-8764-A73338E9FF82}.AppStore|ARM.Build.0 = Release|Any CPU
		{7493DC23-2BF6-4DB2-8764-A73338E9FF82}.AppStore|ARM.Deploy.0 = Release|Any CPU
		{7493DC23-2BF6-4DB2-8764-A73338E9FF82}.AppStore|iPhone.ActiveCfg = Release|Any CPU
		{7493DC23-2BF6-4DB2-8764-A73338E9FF82}.AppStore|iPhone.Build.0 = Release|Any CPU
		{7493DC23-2BF6-4DB2-8764-A73338E9FF82}.AppStore|iPhone.Deploy.0 = Release|Any CPU
		{7493DC23-2BF6-4DB2-8764-A73338E9FF82}.AppStore|iPhoneSimulator.ActiveCfg = Release|Any CPU
		{7493DC23-2BF6-4DB2-8764-A73338E9FF82}.AppStore|iPhoneSimulator.Build.0 = Release|Any CPU
		{7493DC23-2BF6-4DB2-8764-A73338E9FF82}.AppStore|iPhoneSimulator.Deploy.0 = Release|Any CPU
		{7493DC23-2BF6-4DB2-8764-A73338E9FF82}.AppStore|x64.ActiveCfg = Release|Any CPU
		{7493DC23-2BF6-4DB2-8764-A73338E9FF82}.AppStore|x64.Build.0 = Release|Any CPU
		{7493DC23-2BF6-4DB2-8764-A73338E9FF82}.AppStore|x64.Deploy.0 = Release|Any CPU
		{7493DC23-2BF6-4DB2-8764-A73338E9FF82}.AppStore|x86.ActiveCfg = Release|Any CPU
		{7493DC23-2BF6-4DB2-8764-A73338E9FF82}.AppStore|x86.Build.0 = Release|Any CPU
		{7493DC23-2BF6-4DB2-8764-A73338E9FF82}.AppStore|x86.Deploy.0 = Release|Any CPU
		{7493DC23-2BF6-4DB2-8764-A73338E9FF82}.Debug|Any CPU.ActiveCfg = Debug|Any CPU
		{7493DC23-2BF6-4DB2-8764-A73338E9FF82}.Debug|Any CPU.Build.0 = Debug|Any CPU
		{7493DC23-2BF6-4DB2-8764-A73338E9FF82}.Debug|Any CPU.Deploy.0 = Debug|Any CPU
		{7493DC23-2BF6-4DB2-8764-A73338E9FF82}.Debug|ARM.ActiveCfg = Debug|Any CPU
		{7493DC23-2BF6-4DB2-8764-A73338E9FF82}.Debug|ARM.Build.0 = Debug|Any CPU
		{7493DC23-2BF6-4DB2-8764-A73338E9FF82}.Debug|ARM.Deploy.0 = Debug|Any CPU
		{7493DC23-2BF6-4DB2-8764-A73338E9FF82}.Debug|iPhone.ActiveCfg = Debug|Any CPU
		{7493DC23-2BF6-4DB2-8764-A73338E9FF82}.Debug|iPhone.Build.0 = Debug|Any CPU
		{7493DC23-2BF6-4DB2-8764-A73338E9FF82}.Debug|iPhone.Deploy.0 = Debug|Any CPU
		{7493DC23-2BF6-4DB2-8764-A73338E9FF82}.Debug|iPhoneSimulator.ActiveCfg = Debug|Any CPU
		{7493DC23-2BF6-4DB2-8764-A73338E9FF82}.Debug|iPhoneSimulator.Build.0 = Debug|Any CPU
		{7493DC23-2BF6-4DB2-8764-A73338E9FF82}.Debug|iPhoneSimulator.Deploy.0 = Debug|Any CPU
		{7493DC23-2BF6-4DB2-8764-A73338E9FF82}.Debug|x64.ActiveCfg = Debug|Any CPU
		{7493DC23-2BF6-4DB2-8764-A73338E9FF82}.Debug|x64.Build.0 = Debug|Any CPU
		{7493DC23-2BF6-4DB2-8764-A73338E9FF82}.Debug|x64.Deploy.0 = Debug|Any CPU
		{7493DC23-2BF6-4DB2-8764-A73338E9FF82}.Debug|x86.ActiveCfg = Debug|Any CPU
		{7493DC23-2BF6-4DB2-8764-A73338E9FF82}.Debug|x86.Build.0 = Debug|Any CPU
		{7493DC23-2BF6-4DB2-8764-A73338E9FF82}.Debug|x86.Deploy.0 = Debug|Any CPU
		{7493DC23-2BF6-4DB2-8764-A73338E9FF82}.Release|Any CPU.ActiveCfg = Release|Any CPU
		{7493DC23-2BF6-4DB2-8764-A73338E9FF82}.Release|Any CPU.Build.0 = Release|Any CPU
		{7493DC23-2BF6-4DB2-8764-A73338E9FF82}.Release|Any CPU.Deploy.0 = Release|Any CPU
		{7493DC23-2BF6-4DB2-8764-A73338E9FF82}.Release|ARM.ActiveCfg = Release|Any CPU
		{7493DC23-2BF6-4DB2-8764-A73338E9FF82}.Release|ARM.Build.0 = Release|Any CPU
		{7493DC23-2BF6-4DB2-8764-A73338E9FF82}.Release|ARM.Deploy.0 = Release|Any CPU
		{7493DC23-2BF6-4DB2-8764-A73338E9FF82}.Release|iPhone.ActiveCfg = Release|Any CPU
		{7493DC23-2BF6-4DB2-8764-A73338E9FF82}.Release|iPhone.Build.0 = Release|Any CPU
		{7493DC23-2BF6-4DB2-8764-A73338E9FF82}.Release|iPhone.Deploy.0 = Release|Any CPU
		{7493DC23-2BF6-4DB2-8764-A73338E9FF82}.Release|iPhoneSimulator.ActiveCfg = Release|Any CPU
		{7493DC23-2BF6-4DB2-8764-A73338E9FF82}.Release|iPhoneSimulator.Build.0 = Release|Any CPU
		{7493DC23-2BF6-4DB2-8764-A73338E9FF82}.Release|iPhoneSimulator.Deploy.0 = Release|Any CPU
		{7493DC23-2BF6-4DB2-8764-A73338E9FF82}.Release|x64.ActiveCfg = Release|Any CPU
		{7493DC23-2BF6-4DB2-8764-A73338E9FF82}.Release|x64.Build.0 = Release|Any CPU
		{7493DC23-2BF6-4DB2-8764-A73338E9FF82}.Release|x64.Deploy.0 = Release|Any CPU
		{7493DC23-2BF6-4DB2-8764-A73338E9FF82}.Release|x86.ActiveCfg = Release|Any CPU
		{7493DC23-2BF6-4DB2-8764-A73338E9FF82}.Release|x86.Build.0 = Release|Any CPU
		{7493DC23-2BF6-4DB2-8764-A73338E9FF82}.Release|x86.Deploy.0 = Release|Any CPU
		{546E85E3-F519-48BC-B3C9-1B8FB274D3B6}.Ad-Hoc|Any CPU.ActiveCfg = Release|Any CPU
		{546E85E3-F519-48BC-B3C9-1B8FB274D3B6}.Ad-Hoc|Any CPU.Build.0 = Release|Any CPU
		{546E85E3-F519-48BC-B3C9-1B8FB274D3B6}.Ad-Hoc|ARM.ActiveCfg = Release|Any CPU
		{546E85E3-F519-48BC-B3C9-1B8FB274D3B6}.Ad-Hoc|ARM.Build.0 = Release|Any CPU
		{546E85E3-F519-48BC-B3C9-1B8FB274D3B6}.Ad-Hoc|iPhone.ActiveCfg = Release|Any CPU
		{546E85E3-F519-48BC-B3C9-1B8FB274D3B6}.Ad-Hoc|iPhone.Build.0 = Release|Any CPU
		{546E85E3-F519-48BC-B3C9-1B8FB274D3B6}.Ad-Hoc|iPhoneSimulator.ActiveCfg = Release|Any CPU
		{546E85E3-F519-48BC-B3C9-1B8FB274D3B6}.Ad-Hoc|iPhoneSimulator.Build.0 = Release|Any CPU
		{546E85E3-F519-48BC-B3C9-1B8FB274D3B6}.Ad-Hoc|x64.ActiveCfg = Release|Any CPU
		{546E85E3-F519-48BC-B3C9-1B8FB274D3B6}.Ad-Hoc|x64.Build.0 = Release|Any CPU
		{546E85E3-F519-48BC-B3C9-1B8FB274D3B6}.Ad-Hoc|x86.ActiveCfg = Release|Any CPU
		{546E85E3-F519-48BC-B3C9-1B8FB274D3B6}.Ad-Hoc|x86.Build.0 = Release|Any CPU
		{546E85E3-F519-48BC-B3C9-1B8FB274D3B6}.AppStore|Any CPU.ActiveCfg = Release|Any CPU
		{546E85E3-F519-48BC-B3C9-1B8FB274D3B6}.AppStore|Any CPU.Build.0 = Release|Any CPU
		{546E85E3-F519-48BC-B3C9-1B8FB274D3B6}.AppStore|ARM.ActiveCfg = Release|Any CPU
		{546E85E3-F519-48BC-B3C9-1B8FB274D3B6}.AppStore|ARM.Build.0 = Release|Any CPU
		{546E85E3-F519-48BC-B3C9-1B8FB274D3B6}.AppStore|iPhone.ActiveCfg = Release|Any CPU
		{546E85E3-F519-48BC-B3C9-1B8FB274D3B6}.AppStore|iPhone.Build.0 = Release|Any CPU
		{546E85E3-F519-48BC-B3C9-1B8FB274D3B6}.AppStore|iPhoneSimulator.ActiveCfg = Release|Any CPU
		{546E85E3-F519-48BC-B3C9-1B8FB274D3B6}.AppStore|iPhoneSimulator.Build.0 = Release|Any CPU
		{546E85E3-F519-48BC-B3C9-1B8FB274D3B6}.AppStore|x64.ActiveCfg = Release|Any CPU
		{546E85E3-F519-48BC-B3C9-1B8FB274D3B6}.AppStore|x64.Build.0 = Release|Any CPU
		{546E85E3-F519-48BC-B3C9-1B8FB274D3B6}.AppStore|x86.ActiveCfg = Release|Any CPU
		{546E85E3-F519-48BC-B3C9-1B8FB274D3B6}.AppStore|x86.Build.0 = Release|Any CPU
		{546E85E3-F519-48BC-B3C9-1B8FB274D3B6}.Debug|Any CPU.ActiveCfg = Debug|Any CPU
		{546E85E3-F519-48BC-B3C9-1B8FB274D3B6}.Debug|Any CPU.Build.0 = Debug|Any CPU
		{546E85E3-F519-48BC-B3C9-1B8FB274D3B6}.Debug|ARM.ActiveCfg = Debug|Any CPU
		{546E85E3-F519-48BC-B3C9-1B8FB274D3B6}.Debug|ARM.Build.0 = Debug|Any CPU
		{546E85E3-F519-48BC-B3C9-1B8FB274D3B6}.Debug|iPhone.ActiveCfg = Debug|Any CPU
		{546E85E3-F519-48BC-B3C9-1B8FB274D3B6}.Debug|iPhone.Build.0 = Debug|Any CPU
		{546E85E3-F519-48BC-B3C9-1B8FB274D3B6}.Debug|iPhoneSimulator.ActiveCfg = Debug|Any CPU
		{546E85E3-F519-48BC-B3C9-1B8FB274D3B6}.Debug|iPhoneSimulator.Build.0 = Debug|Any CPU
		{546E85E3-F519-48BC-B3C9-1B8FB274D3B6}.Debug|x64.ActiveCfg = Debug|Any CPU
		{546E85E3-F519-48BC-B3C9-1B8FB274D3B6}.Debug|x64.Build.0 = Debug|Any CPU
		{546E85E3-F519-48BC-B3C9-1B8FB274D3B6}.Debug|x86.ActiveCfg = Debug|Any CPU
		{546E85E3-F519-48BC-B3C9-1B8FB274D3B6}.Debug|x86.Build.0 = Debug|Any CPU
		{546E85E3-F519-48BC-B3C9-1B8FB274D3B6}.Release|Any CPU.ActiveCfg = Release|Any CPU
		{546E85E3-F519-48BC-B3C9-1B8FB274D3B6}.Release|Any CPU.Build.0 = Release|Any CPU
		{546E85E3-F519-48BC-B3C9-1B8FB274D3B6}.Release|ARM.ActiveCfg = Release|Any CPU
		{546E85E3-F519-48BC-B3C9-1B8FB274D3B6}.Release|ARM.Build.0 = Release|Any CPU
		{546E85E3-F519-48BC-B3C9-1B8FB274D3B6}.Release|iPhone.ActiveCfg = Release|Any CPU
		{546E85E3-F519-48BC-B3C9-1B8FB274D3B6}.Release|iPhone.Build.0 = Release|Any CPU
		{546E85E3-F519-48BC-B3C9-1B8FB274D3B6}.Release|iPhoneSimulator.ActiveCfg = Release|Any CPU
		{546E85E3-F519-48BC-B3C9-1B8FB274D3B6}.Release|iPhoneSimulator.Build.0 = Release|Any CPU
		{546E85E3-F519-48BC-B3C9-1B8FB274D3B6}.Release|x64.ActiveCfg = Release|Any CPU
		{546E85E3-F519-48BC-B3C9-1B8FB274D3B6}.Release|x64.Build.0 = Release|Any CPU
		{546E85E3-F519-48BC-B3C9-1B8FB274D3B6}.Release|x86.ActiveCfg = Release|Any CPU
		{546E85E3-F519-48BC-B3C9-1B8FB274D3B6}.Release|x86.Build.0 = Release|Any CPU
		{AC34501C-12CD-4928-A76A-C37EDF351D8F}.Ad-Hoc|Any CPU.ActiveCfg = Release|Any CPU
		{AC34501C-12CD-4928-A76A-C37EDF351D8F}.Ad-Hoc|Any CPU.Build.0 = Release|Any CPU
		{AC34501C-12CD-4928-A76A-C37EDF351D8F}.Ad-Hoc|ARM.ActiveCfg = Release|Any CPU
		{AC34501C-12CD-4928-A76A-C37EDF351D8F}.Ad-Hoc|ARM.Build.0 = Release|Any CPU
		{AC34501C-12CD-4928-A76A-C37EDF351D8F}.Ad-Hoc|iPhone.ActiveCfg = Release|Any CPU
		{AC34501C-12CD-4928-A76A-C37EDF351D8F}.Ad-Hoc|iPhone.Build.0 = Release|Any CPU
		{AC34501C-12CD-4928-A76A-C37EDF351D8F}.Ad-Hoc|iPhoneSimulator.ActiveCfg = Release|Any CPU
		{AC34501C-12CD-4928-A76A-C37EDF351D8F}.Ad-Hoc|iPhoneSimulator.Build.0 = Release|Any CPU
		{AC34501C-12CD-4928-A76A-C37EDF351D8F}.Ad-Hoc|x64.ActiveCfg = Release|Any CPU
		{AC34501C-12CD-4928-A76A-C37EDF351D8F}.Ad-Hoc|x64.Build.0 = Release|Any CPU
		{AC34501C-12CD-4928-A76A-C37EDF351D8F}.Ad-Hoc|x86.ActiveCfg = Release|Any CPU
		{AC34501C-12CD-4928-A76A-C37EDF351D8F}.Ad-Hoc|x86.Build.0 = Release|Any CPU
		{AC34501C-12CD-4928-A76A-C37EDF351D8F}.AppStore|Any CPU.ActiveCfg = Release|Any CPU
		{AC34501C-12CD-4928-A76A-C37EDF351D8F}.AppStore|Any CPU.Build.0 = Release|Any CPU
		{AC34501C-12CD-4928-A76A-C37EDF351D8F}.AppStore|ARM.ActiveCfg = Release|Any CPU
		{AC34501C-12CD-4928-A76A-C37EDF351D8F}.AppStore|ARM.Build.0 = Release|Any CPU
		{AC34501C-12CD-4928-A76A-C37EDF351D8F}.AppStore|iPhone.ActiveCfg = Release|Any CPU
		{AC34501C-12CD-4928-A76A-C37EDF351D8F}.AppStore|iPhone.Build.0 = Release|Any CPU
		{AC34501C-12CD-4928-A76A-C37EDF351D8F}.AppStore|iPhoneSimulator.ActiveCfg = Release|Any CPU
		{AC34501C-12CD-4928-A76A-C37EDF351D8F}.AppStore|iPhoneSimulator.Build.0 = Release|Any CPU
		{AC34501C-12CD-4928-A76A-C37EDF351D8F}.AppStore|x64.ActiveCfg = Release|Any CPU
		{AC34501C-12CD-4928-A76A-C37EDF351D8F}.AppStore|x64.Build.0 = Release|Any CPU
		{AC34501C-12CD-4928-A76A-C37EDF351D8F}.AppStore|x86.ActiveCfg = Release|Any CPU
		{AC34501C-12CD-4928-A76A-C37EDF351D8F}.AppStore|x86.Build.0 = Release|Any CPU
		{AC34501C-12CD-4928-A76A-C37EDF351D8F}.Debug|Any CPU.ActiveCfg = Debug|Any CPU
		{AC34501C-12CD-4928-A76A-C37EDF351D8F}.Debug|Any CPU.Build.0 = Debug|Any CPU
		{AC34501C-12CD-4928-A76A-C37EDF351D8F}.Debug|ARM.ActiveCfg = Debug|Any CPU
		{AC34501C-12CD-4928-A76A-C37EDF351D8F}.Debug|ARM.Build.0 = Debug|Any CPU
		{AC34501C-12CD-4928-A76A-C37EDF351D8F}.Debug|iPhone.ActiveCfg = Debug|Any CPU
		{AC34501C-12CD-4928-A76A-C37EDF351D8F}.Debug|iPhone.Build.0 = Debug|Any CPU
		{AC34501C-12CD-4928-A76A-C37EDF351D8F}.Debug|iPhoneSimulator.ActiveCfg = Debug|Any CPU
		{AC34501C-12CD-4928-A76A-C37EDF351D8F}.Debug|iPhoneSimulator.Build.0 = Debug|Any CPU
		{AC34501C-12CD-4928-A76A-C37EDF351D8F}.Debug|x64.ActiveCfg = Debug|Any CPU
		{AC34501C-12CD-4928-A76A-C37EDF351D8F}.Debug|x64.Build.0 = Debug|Any CPU
		{AC34501C-12CD-4928-A76A-C37EDF351D8F}.Debug|x86.ActiveCfg = Debug|Any CPU
		{AC34501C-12CD-4928-A76A-C37EDF351D8F}.Debug|x86.Build.0 = Debug|Any CPU
		{AC34501C-12CD-4928-A76A-C37EDF351D8F}.Release|Any CPU.ActiveCfg = Release|Any CPU
		{AC34501C-12CD-4928-A76A-C37EDF351D8F}.Release|Any CPU.Build.0 = Release|Any CPU
		{AC34501C-12CD-4928-A76A-C37EDF351D8F}.Release|ARM.ActiveCfg = Release|Any CPU
		{AC34501C-12CD-4928-A76A-C37EDF351D8F}.Release|ARM.Build.0 = Release|Any CPU
		{AC34501C-12CD-4928-A76A-C37EDF351D8F}.Release|iPhone.ActiveCfg = Release|Any CPU
		{AC34501C-12CD-4928-A76A-C37EDF351D8F}.Release|iPhone.Build.0 = Release|Any CPU
		{AC34501C-12CD-4928-A76A-C37EDF351D8F}.Release|iPhoneSimulator.ActiveCfg = Release|Any CPU
		{AC34501C-12CD-4928-A76A-C37EDF351D8F}.Release|iPhoneSimulator.Build.0 = Release|Any CPU
		{AC34501C-12CD-4928-A76A-C37EDF351D8F}.Release|x64.ActiveCfg = Release|Any CPU
		{AC34501C-12CD-4928-A76A-C37EDF351D8F}.Release|x64.Build.0 = Release|Any CPU
		{AC34501C-12CD-4928-A76A-C37EDF351D8F}.Release|x86.ActiveCfg = Release|Any CPU
		{AC34501C-12CD-4928-A76A-C37EDF351D8F}.Release|x86.Build.0 = Release|Any CPU
		{452FB0EE-1BEA-46B2-BB35-F7027E1C2677}.Ad-Hoc|Any CPU.ActiveCfg = Release|Any CPU
		{452FB0EE-1BEA-46B2-BB35-F7027E1C2677}.Ad-Hoc|Any CPU.Build.0 = Release|Any CPU
		{452FB0EE-1BEA-46B2-BB35-F7027E1C2677}.Ad-Hoc|ARM.ActiveCfg = Release|Any CPU
		{452FB0EE-1BEA-46B2-BB35-F7027E1C2677}.Ad-Hoc|ARM.Build.0 = Release|Any CPU
		{452FB0EE-1BEA-46B2-BB35-F7027E1C2677}.Ad-Hoc|iPhone.ActiveCfg = Release|Any CPU
		{452FB0EE-1BEA-46B2-BB35-F7027E1C2677}.Ad-Hoc|iPhone.Build.0 = Release|Any CPU
		{452FB0EE-1BEA-46B2-BB35-F7027E1C2677}.Ad-Hoc|iPhoneSimulator.ActiveCfg = Release|Any CPU
		{452FB0EE-1BEA-46B2-BB35-F7027E1C2677}.Ad-Hoc|iPhoneSimulator.Build.0 = Release|Any CPU
		{452FB0EE-1BEA-46B2-BB35-F7027E1C2677}.Ad-Hoc|x64.ActiveCfg = Release|Any CPU
		{452FB0EE-1BEA-46B2-BB35-F7027E1C2677}.Ad-Hoc|x64.Build.0 = Release|Any CPU
		{452FB0EE-1BEA-46B2-BB35-F7027E1C2677}.Ad-Hoc|x86.ActiveCfg = Release|Any CPU
		{452FB0EE-1BEA-46B2-BB35-F7027E1C2677}.Ad-Hoc|x86.Build.0 = Release|Any CPU
		{452FB0EE-1BEA-46B2-BB35-F7027E1C2677}.AppStore|Any CPU.ActiveCfg = Release|Any CPU
		{452FB0EE-1BEA-46B2-BB35-F7027E1C2677}.AppStore|Any CPU.Build.0 = Release|Any CPU
		{452FB0EE-1BEA-46B2-BB35-F7027E1C2677}.AppStore|ARM.ActiveCfg = Release|Any CPU
		{452FB0EE-1BEA-46B2-BB35-F7027E1C2677}.AppStore|ARM.Build.0 = Release|Any CPU
		{452FB0EE-1BEA-46B2-BB35-F7027E1C2677}.AppStore|iPhone.ActiveCfg = Release|Any CPU
		{452FB0EE-1BEA-46B2-BB35-F7027E1C2677}.AppStore|iPhone.Build.0 = Release|Any CPU
		{452FB0EE-1BEA-46B2-BB35-F7027E1C2677}.AppStore|iPhoneSimulator.ActiveCfg = Release|Any CPU
		{452FB0EE-1BEA-46B2-BB35-F7027E1C2677}.AppStore|iPhoneSimulator.Build.0 = Release|Any CPU
		{452FB0EE-1BEA-46B2-BB35-F7027E1C2677}.AppStore|x64.ActiveCfg = Release|Any CPU
		{452FB0EE-1BEA-46B2-BB35-F7027E1C2677}.AppStore|x64.Build.0 = Release|Any CPU
		{452FB0EE-1BEA-46B2-BB35-F7027E1C2677}.AppStore|x86.ActiveCfg = Release|Any CPU
		{452FB0EE-1BEA-46B2-BB35-F7027E1C2677}.AppStore|x86.Build.0 = Release|Any CPU
		{452FB0EE-1BEA-46B2-BB35-F7027E1C2677}.Debug|Any CPU.ActiveCfg = Debug|Any CPU
		{452FB0EE-1BEA-46B2-BB35-F7027E1C2677}.Debug|Any CPU.Build.0 = Debug|Any CPU
		{452FB0EE-1BEA-46B2-BB35-F7027E1C2677}.Debug|ARM.ActiveCfg = Debug|Any CPU
		{452FB0EE-1BEA-46B2-BB35-F7027E1C2677}.Debug|ARM.Build.0 = Debug|Any CPU
		{452FB0EE-1BEA-46B2-BB35-F7027E1C2677}.Debug|iPhone.ActiveCfg = Debug|Any CPU
		{452FB0EE-1BEA-46B2-BB35-F7027E1C2677}.Debug|iPhone.Build.0 = Debug|Any CPU
		{452FB0EE-1BEA-46B2-BB35-F7027E1C2677}.Debug|iPhoneSimulator.ActiveCfg = Debug|Any CPU
		{452FB0EE-1BEA-46B2-BB35-F7027E1C2677}.Debug|iPhoneSimulator.Build.0 = Debug|Any CPU
		{452FB0EE-1BEA-46B2-BB35-F7027E1C2677}.Debug|x64.ActiveCfg = Debug|Any CPU
		{452FB0EE-1BEA-46B2-BB35-F7027E1C2677}.Debug|x64.Build.0 = Debug|Any CPU
		{452FB0EE-1BEA-46B2-BB35-F7027E1C2677}.Debug|x86.ActiveCfg = Debug|Any CPU
		{452FB0EE-1BEA-46B2-BB35-F7027E1C2677}.Debug|x86.Build.0 = Debug|Any CPU
		{452FB0EE-1BEA-46B2-BB35-F7027E1C2677}.Release|Any CPU.ActiveCfg = Release|Any CPU
		{452FB0EE-1BEA-46B2-BB35-F7027E1C2677}.Release|Any CPU.Build.0 = Release|Any CPU
		{452FB0EE-1BEA-46B2-BB35-F7027E1C2677}.Release|ARM.ActiveCfg = Release|Any CPU
		{452FB0EE-1BEA-46B2-BB35-F7027E1C2677}.Release|ARM.Build.0 = Release|Any CPU
		{452FB0EE-1BEA-46B2-BB35-F7027E1C2677}.Release|iPhone.ActiveCfg = Release|Any CPU
		{452FB0EE-1BEA-46B2-BB35-F7027E1C2677}.Release|iPhone.Build.0 = Release|Any CPU
		{452FB0EE-1BEA-46B2-BB35-F7027E1C2677}.Release|iPhoneSimulator.ActiveCfg = Release|Any CPU
		{452FB0EE-1BEA-46B2-BB35-F7027E1C2677}.Release|iPhoneSimulator.Build.0 = Release|Any CPU
		{452FB0EE-1BEA-46B2-BB35-F7027E1C2677}.Release|x64.ActiveCfg = Release|Any CPU
		{452FB0EE-1BEA-46B2-BB35-F7027E1C2677}.Release|x64.Build.0 = Release|Any CPU
		{452FB0EE-1BEA-46B2-BB35-F7027E1C2677}.Release|x86.ActiveCfg = Release|Any CPU
		{452FB0EE-1BEA-46B2-BB35-F7027E1C2677}.Release|x86.Build.0 = Release|Any CPU
		{B6E85201-ED3D-4242-A5B6-F9B57F9B341D}.Ad-Hoc|Any CPU.ActiveCfg = Release|Any CPU
		{B6E85201-ED3D-4242-A5B6-F9B57F9B341D}.Ad-Hoc|Any CPU.Build.0 = Release|Any CPU
		{B6E85201-ED3D-4242-A5B6-F9B57F9B341D}.Ad-Hoc|ARM.ActiveCfg = Release|Any CPU
		{B6E85201-ED3D-4242-A5B6-F9B57F9B341D}.Ad-Hoc|ARM.Build.0 = Release|Any CPU
		{B6E85201-ED3D-4242-A5B6-F9B57F9B341D}.Ad-Hoc|iPhone.ActiveCfg = Release|Any CPU
		{B6E85201-ED3D-4242-A5B6-F9B57F9B341D}.Ad-Hoc|iPhone.Build.0 = Release|Any CPU
		{B6E85201-ED3D-4242-A5B6-F9B57F9B341D}.Ad-Hoc|iPhoneSimulator.ActiveCfg = Release|Any CPU
		{B6E85201-ED3D-4242-A5B6-F9B57F9B341D}.Ad-Hoc|iPhoneSimulator.Build.0 = Release|Any CPU
		{B6E85201-ED3D-4242-A5B6-F9B57F9B341D}.Ad-Hoc|x64.ActiveCfg = Release|Any CPU
		{B6E85201-ED3D-4242-A5B6-F9B57F9B341D}.Ad-Hoc|x64.Build.0 = Release|Any CPU
		{B6E85201-ED3D-4242-A5B6-F9B57F9B341D}.Ad-Hoc|x86.ActiveCfg = Release|Any CPU
		{B6E85201-ED3D-4242-A5B6-F9B57F9B341D}.Ad-Hoc|x86.Build.0 = Release|Any CPU
		{B6E85201-ED3D-4242-A5B6-F9B57F9B341D}.AppStore|Any CPU.ActiveCfg = Release|Any CPU
		{B6E85201-ED3D-4242-A5B6-F9B57F9B341D}.AppStore|Any CPU.Build.0 = Release|Any CPU
		{B6E85201-ED3D-4242-A5B6-F9B57F9B341D}.AppStore|ARM.ActiveCfg = Release|Any CPU
		{B6E85201-ED3D-4242-A5B6-F9B57F9B341D}.AppStore|ARM.Build.0 = Release|Any CPU
		{B6E85201-ED3D-4242-A5B6-F9B57F9B341D}.AppStore|iPhone.ActiveCfg = Release|Any CPU
		{B6E85201-ED3D-4242-A5B6-F9B57F9B341D}.AppStore|iPhone.Build.0 = Release|Any CPU
		{B6E85201-ED3D-4242-A5B6-F9B57F9B341D}.AppStore|iPhoneSimulator.ActiveCfg = Release|Any CPU
		{B6E85201-ED3D-4242-A5B6-F9B57F9B341D}.AppStore|iPhoneSimulator.Build.0 = Release|Any CPU
		{B6E85201-ED3D-4242-A5B6-F9B57F9B341D}.AppStore|x64.ActiveCfg = Release|Any CPU
		{B6E85201-ED3D-4242-A5B6-F9B57F9B341D}.AppStore|x64.Build.0 = Release|Any CPU
		{B6E85201-ED3D-4242-A5B6-F9B57F9B341D}.AppStore|x86.ActiveCfg = Release|Any CPU
		{B6E85201-ED3D-4242-A5B6-F9B57F9B341D}.AppStore|x86.Build.0 = Release|Any CPU
		{B6E85201-ED3D-4242-A5B6-F9B57F9B341D}.Debug|Any CPU.ActiveCfg = Debug|Any CPU
		{B6E85201-ED3D-4242-A5B6-F9B57F9B341D}.Debug|Any CPU.Build.0 = Debug|Any CPU
		{B6E85201-ED3D-4242-A5B6-F9B57F9B341D}.Debug|ARM.ActiveCfg = Debug|Any CPU
		{B6E85201-ED3D-4242-A5B6-F9B57F9B341D}.Debug|ARM.Build.0 = Debug|Any CPU
		{B6E85201-ED3D-4242-A5B6-F9B57F9B341D}.Debug|iPhone.ActiveCfg = Debug|Any CPU
		{B6E85201-ED3D-4242-A5B6-F9B57F9B341D}.Debug|iPhone.Build.0 = Debug|Any CPU
		{B6E85201-ED3D-4242-A5B6-F9B57F9B341D}.Debug|iPhoneSimulator.ActiveCfg = Debug|Any CPU
		{B6E85201-ED3D-4242-A5B6-F9B57F9B341D}.Debug|iPhoneSimulator.Build.0 = Debug|Any CPU
		{B6E85201-ED3D-4242-A5B6-F9B57F9B341D}.Debug|x64.ActiveCfg = Debug|Any CPU
		{B6E85201-ED3D-4242-A5B6-F9B57F9B341D}.Debug|x64.Build.0 = Debug|Any CPU
		{B6E85201-ED3D-4242-A5B6-F9B57F9B341D}.Debug|x86.ActiveCfg = Debug|Any CPU
		{B6E85201-ED3D-4242-A5B6-F9B57F9B341D}.Debug|x86.Build.0 = Debug|Any CPU
		{B6E85201-ED3D-4242-A5B6-F9B57F9B341D}.Release|Any CPU.ActiveCfg = Release|Any CPU
		{B6E85201-ED3D-4242-A5B6-F9B57F9B341D}.Release|Any CPU.Build.0 = Release|Any CPU
		{B6E85201-ED3D-4242-A5B6-F9B57F9B341D}.Release|ARM.ActiveCfg = Release|Any CPU
		{B6E85201-ED3D-4242-A5B6-F9B57F9B341D}.Release|ARM.Build.0 = Release|Any CPU
		{B6E85201-ED3D-4242-A5B6-F9B57F9B341D}.Release|iPhone.ActiveCfg = Release|Any CPU
		{B6E85201-ED3D-4242-A5B6-F9B57F9B341D}.Release|iPhone.Build.0 = Release|Any CPU
		{B6E85201-ED3D-4242-A5B6-F9B57F9B341D}.Release|iPhoneSimulator.ActiveCfg = Release|Any CPU
		{B6E85201-ED3D-4242-A5B6-F9B57F9B341D}.Release|iPhoneSimulator.Build.0 = Release|Any CPU
		{B6E85201-ED3D-4242-A5B6-F9B57F9B341D}.Release|x64.ActiveCfg = Release|Any CPU
		{B6E85201-ED3D-4242-A5B6-F9B57F9B341D}.Release|x64.Build.0 = Release|Any CPU
		{B6E85201-ED3D-4242-A5B6-F9B57F9B341D}.Release|x86.ActiveCfg = Release|Any CPU
		{B6E85201-ED3D-4242-A5B6-F9B57F9B341D}.Release|x86.Build.0 = Release|Any CPU
		{D6975FF2-AE2F-4973-B16D-4E516F58BE8B}.Ad-Hoc|Any CPU.ActiveCfg = Release|Any CPU
		{D6975FF2-AE2F-4973-B16D-4E516F58BE8B}.Ad-Hoc|Any CPU.Build.0 = Release|Any CPU
		{D6975FF2-AE2F-4973-B16D-4E516F58BE8B}.Ad-Hoc|Any CPU.Deploy.0 = Release|Any CPU
		{D6975FF2-AE2F-4973-B16D-4E516F58BE8B}.Ad-Hoc|ARM.ActiveCfg = Release|Any CPU
		{D6975FF2-AE2F-4973-B16D-4E516F58BE8B}.Ad-Hoc|ARM.Build.0 = Release|Any CPU
		{D6975FF2-AE2F-4973-B16D-4E516F58BE8B}.Ad-Hoc|ARM.Deploy.0 = Release|Any CPU
		{D6975FF2-AE2F-4973-B16D-4E516F58BE8B}.Ad-Hoc|iPhone.ActiveCfg = Release|Any CPU
		{D6975FF2-AE2F-4973-B16D-4E516F58BE8B}.Ad-Hoc|iPhone.Build.0 = Release|Any CPU
		{D6975FF2-AE2F-4973-B16D-4E516F58BE8B}.Ad-Hoc|iPhone.Deploy.0 = Release|Any CPU
		{D6975FF2-AE2F-4973-B16D-4E516F58BE8B}.Ad-Hoc|iPhoneSimulator.ActiveCfg = Release|Any CPU
		{D6975FF2-AE2F-4973-B16D-4E516F58BE8B}.Ad-Hoc|iPhoneSimulator.Build.0 = Release|Any CPU
		{D6975FF2-AE2F-4973-B16D-4E516F58BE8B}.Ad-Hoc|iPhoneSimulator.Deploy.0 = Release|Any CPU
		{D6975FF2-AE2F-4973-B16D-4E516F58BE8B}.Ad-Hoc|x64.ActiveCfg = Release|Any CPU
		{D6975FF2-AE2F-4973-B16D-4E516F58BE8B}.Ad-Hoc|x64.Build.0 = Release|Any CPU
		{D6975FF2-AE2F-4973-B16D-4E516F58BE8B}.Ad-Hoc|x64.Deploy.0 = Release|Any CPU
		{D6975FF2-AE2F-4973-B16D-4E516F58BE8B}.Ad-Hoc|x86.ActiveCfg = Release|Any CPU
		{D6975FF2-AE2F-4973-B16D-4E516F58BE8B}.Ad-Hoc|x86.Build.0 = Release|Any CPU
		{D6975FF2-AE2F-4973-B16D-4E516F58BE8B}.Ad-Hoc|x86.Deploy.0 = Release|Any CPU
		{D6975FF2-AE2F-4973-B16D-4E516F58BE8B}.AppStore|Any CPU.ActiveCfg = Release|Any CPU
		{D6975FF2-AE2F-4973-B16D-4E516F58BE8B}.AppStore|Any CPU.Build.0 = Release|Any CPU
		{D6975FF2-AE2F-4973-B16D-4E516F58BE8B}.AppStore|Any CPU.Deploy.0 = Release|Any CPU
		{D6975FF2-AE2F-4973-B16D-4E516F58BE8B}.AppStore|ARM.ActiveCfg = Release|Any CPU
		{D6975FF2-AE2F-4973-B16D-4E516F58BE8B}.AppStore|ARM.Build.0 = Release|Any CPU
		{D6975FF2-AE2F-4973-B16D-4E516F58BE8B}.AppStore|ARM.Deploy.0 = Release|Any CPU
		{D6975FF2-AE2F-4973-B16D-4E516F58BE8B}.AppStore|iPhone.ActiveCfg = Release|Any CPU
		{D6975FF2-AE2F-4973-B16D-4E516F58BE8B}.AppStore|iPhone.Build.0 = Release|Any CPU
		{D6975FF2-AE2F-4973-B16D-4E516F58BE8B}.AppStore|iPhone.Deploy.0 = Release|Any CPU
		{D6975FF2-AE2F-4973-B16D-4E516F58BE8B}.AppStore|iPhoneSimulator.ActiveCfg = Release|Any CPU
		{D6975FF2-AE2F-4973-B16D-4E516F58BE8B}.AppStore|iPhoneSimulator.Build.0 = Release|Any CPU
		{D6975FF2-AE2F-4973-B16D-4E516F58BE8B}.AppStore|iPhoneSimulator.Deploy.0 = Release|Any CPU
		{D6975FF2-AE2F-4973-B16D-4E516F58BE8B}.AppStore|x64.ActiveCfg = Release|Any CPU
		{D6975FF2-AE2F-4973-B16D-4E516F58BE8B}.AppStore|x64.Build.0 = Release|Any CPU
		{D6975FF2-AE2F-4973-B16D-4E516F58BE8B}.AppStore|x64.Deploy.0 = Release|Any CPU
		{D6975FF2-AE2F-4973-B16D-4E516F58BE8B}.AppStore|x86.ActiveCfg = Release|Any CPU
		{D6975FF2-AE2F-4973-B16D-4E516F58BE8B}.AppStore|x86.Build.0 = Release|Any CPU
		{D6975FF2-AE2F-4973-B16D-4E516F58BE8B}.AppStore|x86.Deploy.0 = Release|Any CPU
		{D6975FF2-AE2F-4973-B16D-4E516F58BE8B}.Debug|Any CPU.ActiveCfg = Debug|Any CPU
		{D6975FF2-AE2F-4973-B16D-4E516F58BE8B}.Debug|Any CPU.Build.0 = Debug|Any CPU
		{D6975FF2-AE2F-4973-B16D-4E516F58BE8B}.Debug|Any CPU.Deploy.0 = Debug|Any CPU
		{D6975FF2-AE2F-4973-B16D-4E516F58BE8B}.Debug|ARM.ActiveCfg = Debug|Any CPU
		{D6975FF2-AE2F-4973-B16D-4E516F58BE8B}.Debug|ARM.Build.0 = Debug|Any CPU
		{D6975FF2-AE2F-4973-B16D-4E516F58BE8B}.Debug|ARM.Deploy.0 = Debug|Any CPU
		{D6975FF2-AE2F-4973-B16D-4E516F58BE8B}.Debug|iPhone.ActiveCfg = Debug|Any CPU
		{D6975FF2-AE2F-4973-B16D-4E516F58BE8B}.Debug|iPhone.Build.0 = Debug|Any CPU
		{D6975FF2-AE2F-4973-B16D-4E516F58BE8B}.Debug|iPhone.Deploy.0 = Debug|Any CPU
		{D6975FF2-AE2F-4973-B16D-4E516F58BE8B}.Debug|iPhoneSimulator.ActiveCfg = Debug|Any CPU
		{D6975FF2-AE2F-4973-B16D-4E516F58BE8B}.Debug|iPhoneSimulator.Build.0 = Debug|Any CPU
		{D6975FF2-AE2F-4973-B16D-4E516F58BE8B}.Debug|iPhoneSimulator.Deploy.0 = Debug|Any CPU
		{D6975FF2-AE2F-4973-B16D-4E516F58BE8B}.Debug|x64.ActiveCfg = Debug|Any CPU
		{D6975FF2-AE2F-4973-B16D-4E516F58BE8B}.Debug|x64.Build.0 = Debug|Any CPU
		{D6975FF2-AE2F-4973-B16D-4E516F58BE8B}.Debug|x64.Deploy.0 = Debug|Any CPU
		{D6975FF2-AE2F-4973-B16D-4E516F58BE8B}.Debug|x86.ActiveCfg = Debug|Any CPU
		{D6975FF2-AE2F-4973-B16D-4E516F58BE8B}.Debug|x86.Build.0 = Debug|Any CPU
		{D6975FF2-AE2F-4973-B16D-4E516F58BE8B}.Debug|x86.Deploy.0 = Debug|Any CPU
		{D6975FF2-AE2F-4973-B16D-4E516F58BE8B}.Release|Any CPU.ActiveCfg = Release|Any CPU
		{D6975FF2-AE2F-4973-B16D-4E516F58BE8B}.Release|Any CPU.Build.0 = Release|Any CPU
		{D6975FF2-AE2F-4973-B16D-4E516F58BE8B}.Release|Any CPU.Deploy.0 = Release|Any CPU
		{D6975FF2-AE2F-4973-B16D-4E516F58BE8B}.Release|ARM.ActiveCfg = Release|Any CPU
		{D6975FF2-AE2F-4973-B16D-4E516F58BE8B}.Release|ARM.Build.0 = Release|Any CPU
		{D6975FF2-AE2F-4973-B16D-4E516F58BE8B}.Release|ARM.Deploy.0 = Release|Any CPU
		{D6975FF2-AE2F-4973-B16D-4E516F58BE8B}.Release|iPhone.ActiveCfg = Release|Any CPU
		{D6975FF2-AE2F-4973-B16D-4E516F58BE8B}.Release|iPhone.Build.0 = Release|Any CPU
		{D6975FF2-AE2F-4973-B16D-4E516F58BE8B}.Release|iPhone.Deploy.0 = Release|Any CPU
		{D6975FF2-AE2F-4973-B16D-4E516F58BE8B}.Release|iPhoneSimulator.ActiveCfg = Release|Any CPU
		{D6975FF2-AE2F-4973-B16D-4E516F58BE8B}.Release|iPhoneSimulator.Build.0 = Release|Any CPU
		{D6975FF2-AE2F-4973-B16D-4E516F58BE8B}.Release|iPhoneSimulator.Deploy.0 = Release|Any CPU
		{D6975FF2-AE2F-4973-B16D-4E516F58BE8B}.Release|x64.ActiveCfg = Release|Any CPU
		{D6975FF2-AE2F-4973-B16D-4E516F58BE8B}.Release|x64.Build.0 = Release|Any CPU
		{D6975FF2-AE2F-4973-B16D-4E516F58BE8B}.Release|x64.Deploy.0 = Release|Any CPU
		{D6975FF2-AE2F-4973-B16D-4E516F58BE8B}.Release|x86.ActiveCfg = Release|Any CPU
		{D6975FF2-AE2F-4973-B16D-4E516F58BE8B}.Release|x86.Build.0 = Release|Any CPU
		{D6975FF2-AE2F-4973-B16D-4E516F58BE8B}.Release|x86.Deploy.0 = Release|Any CPU
		{E1C5380E-A369-42F0-A9B9-874A9C619415}.Ad-Hoc|Any CPU.ActiveCfg = Ad-Hoc|iPhone
		{E1C5380E-A369-42F0-A9B9-874A9C619415}.Ad-Hoc|ARM.ActiveCfg = Ad-Hoc|iPhone
		{E1C5380E-A369-42F0-A9B9-874A9C619415}.Ad-Hoc|iPhone.ActiveCfg = Ad-Hoc|iPhone
		{E1C5380E-A369-42F0-A9B9-874A9C619415}.Ad-Hoc|iPhone.Build.0 = Ad-Hoc|iPhone
		{E1C5380E-A369-42F0-A9B9-874A9C619415}.Ad-Hoc|iPhoneSimulator.ActiveCfg = Ad-Hoc|iPhoneSimulator
		{E1C5380E-A369-42F0-A9B9-874A9C619415}.Ad-Hoc|iPhoneSimulator.Build.0 = Ad-Hoc|iPhoneSimulator
		{E1C5380E-A369-42F0-A9B9-874A9C619415}.Ad-Hoc|x64.ActiveCfg = Ad-Hoc|iPhone
		{E1C5380E-A369-42F0-A9B9-874A9C619415}.Ad-Hoc|x86.ActiveCfg = Ad-Hoc|iPhone
		{E1C5380E-A369-42F0-A9B9-874A9C619415}.AppStore|Any CPU.ActiveCfg = AppStore|iPhone
		{E1C5380E-A369-42F0-A9B9-874A9C619415}.AppStore|ARM.ActiveCfg = AppStore|iPhone
		{E1C5380E-A369-42F0-A9B9-874A9C619415}.AppStore|iPhone.ActiveCfg = AppStore|iPhone
		{E1C5380E-A369-42F0-A9B9-874A9C619415}.AppStore|iPhone.Build.0 = AppStore|iPhone
		{E1C5380E-A369-42F0-A9B9-874A9C619415}.AppStore|iPhoneSimulator.ActiveCfg = AppStore|iPhoneSimulator
		{E1C5380E-A369-42F0-A9B9-874A9C619415}.AppStore|iPhoneSimulator.Build.0 = AppStore|iPhoneSimulator
		{E1C5380E-A369-42F0-A9B9-874A9C619415}.AppStore|x64.ActiveCfg = AppStore|iPhone
		{E1C5380E-A369-42F0-A9B9-874A9C619415}.AppStore|x86.ActiveCfg = AppStore|iPhone
		{E1C5380E-A369-42F0-A9B9-874A9C619415}.Debug|Any CPU.ActiveCfg = Debug|iPhone
		{E1C5380E-A369-42F0-A9B9-874A9C619415}.Debug|ARM.ActiveCfg = Debug|iPhone
		{E1C5380E-A369-42F0-A9B9-874A9C619415}.Debug|iPhone.ActiveCfg = Debug|iPhone
		{E1C5380E-A369-42F0-A9B9-874A9C619415}.Debug|iPhone.Build.0 = Debug|iPhone
		{E1C5380E-A369-42F0-A9B9-874A9C619415}.Debug|iPhoneSimulator.ActiveCfg = Debug|iPhoneSimulator
		{E1C5380E-A369-42F0-A9B9-874A9C619415}.Debug|iPhoneSimulator.Build.0 = Debug|iPhoneSimulator
		{E1C5380E-A369-42F0-A9B9-874A9C619415}.Debug|x64.ActiveCfg = Debug|iPhone
		{E1C5380E-A369-42F0-A9B9-874A9C619415}.Debug|x86.ActiveCfg = Debug|iPhone
		{E1C5380E-A369-42F0-A9B9-874A9C619415}.Release|Any CPU.ActiveCfg = Release|iPhone
		{E1C5380E-A369-42F0-A9B9-874A9C619415}.Release|ARM.ActiveCfg = Release|iPhone
		{E1C5380E-A369-42F0-A9B9-874A9C619415}.Release|iPhone.ActiveCfg = Release|iPhone
		{E1C5380E-A369-42F0-A9B9-874A9C619415}.Release|iPhone.Build.0 = Release|iPhone
		{E1C5380E-A369-42F0-A9B9-874A9C619415}.Release|iPhoneSimulator.ActiveCfg = Release|iPhoneSimulator
		{E1C5380E-A369-42F0-A9B9-874A9C619415}.Release|iPhoneSimulator.Build.0 = Release|iPhoneSimulator
		{E1C5380E-A369-42F0-A9B9-874A9C619415}.Release|x64.ActiveCfg = Release|iPhone
		{E1C5380E-A369-42F0-A9B9-874A9C619415}.Release|x86.ActiveCfg = Release|iPhone
		{B39CEBB0-23C9-45AB-A1EF-FFD82C1C240E}.Ad-Hoc|Any CPU.ActiveCfg = Release|x86
		{B39CEBB0-23C9-45AB-A1EF-FFD82C1C240E}.Ad-Hoc|Any CPU.Build.0 = Release|x86
		{B39CEBB0-23C9-45AB-A1EF-FFD82C1C240E}.Ad-Hoc|Any CPU.Deploy.0 = Release|x86
		{B39CEBB0-23C9-45AB-A1EF-FFD82C1C240E}.Ad-Hoc|ARM.ActiveCfg = Release|ARM
		{B39CEBB0-23C9-45AB-A1EF-FFD82C1C240E}.Ad-Hoc|ARM.Build.0 = Release|ARM
		{B39CEBB0-23C9-45AB-A1EF-FFD82C1C240E}.Ad-Hoc|ARM.Deploy.0 = Release|ARM
		{B39CEBB0-23C9-45AB-A1EF-FFD82C1C240E}.Ad-Hoc|iPhone.ActiveCfg = Release|x86
		{B39CEBB0-23C9-45AB-A1EF-FFD82C1C240E}.Ad-Hoc|iPhone.Build.0 = Release|x86
		{B39CEBB0-23C9-45AB-A1EF-FFD82C1C240E}.Ad-Hoc|iPhone.Deploy.0 = Release|x86
		{B39CEBB0-23C9-45AB-A1EF-FFD82C1C240E}.Ad-Hoc|iPhoneSimulator.ActiveCfg = Release|x86
		{B39CEBB0-23C9-45AB-A1EF-FFD82C1C240E}.Ad-Hoc|iPhoneSimulator.Build.0 = Release|x86
		{B39CEBB0-23C9-45AB-A1EF-FFD82C1C240E}.Ad-Hoc|iPhoneSimulator.Deploy.0 = Release|x86
		{B39CEBB0-23C9-45AB-A1EF-FFD82C1C240E}.Ad-Hoc|x64.ActiveCfg = Release|x64
		{B39CEBB0-23C9-45AB-A1EF-FFD82C1C240E}.Ad-Hoc|x64.Build.0 = Release|x64
		{B39CEBB0-23C9-45AB-A1EF-FFD82C1C240E}.Ad-Hoc|x64.Deploy.0 = Release|x64
		{B39CEBB0-23C9-45AB-A1EF-FFD82C1C240E}.Ad-Hoc|x86.ActiveCfg = Release|x86
		{B39CEBB0-23C9-45AB-A1EF-FFD82C1C240E}.Ad-Hoc|x86.Build.0 = Release|x86
		{B39CEBB0-23C9-45AB-A1EF-FFD82C1C240E}.Ad-Hoc|x86.Deploy.0 = Release|x86
		{B39CEBB0-23C9-45AB-A1EF-FFD82C1C240E}.AppStore|Any CPU.ActiveCfg = Release|x86
		{B39CEBB0-23C9-45AB-A1EF-FFD82C1C240E}.AppStore|Any CPU.Build.0 = Release|x86
		{B39CEBB0-23C9-45AB-A1EF-FFD82C1C240E}.AppStore|Any CPU.Deploy.0 = Release|x86
		{B39CEBB0-23C9-45AB-A1EF-FFD82C1C240E}.AppStore|ARM.ActiveCfg = Release|ARM
		{B39CEBB0-23C9-45AB-A1EF-FFD82C1C240E}.AppStore|ARM.Build.0 = Release|ARM
		{B39CEBB0-23C9-45AB-A1EF-FFD82C1C240E}.AppStore|ARM.Deploy.0 = Release|ARM
		{B39CEBB0-23C9-45AB-A1EF-FFD82C1C240E}.AppStore|iPhone.ActiveCfg = Release|x86
		{B39CEBB0-23C9-45AB-A1EF-FFD82C1C240E}.AppStore|iPhone.Build.0 = Release|x86
		{B39CEBB0-23C9-45AB-A1EF-FFD82C1C240E}.AppStore|iPhone.Deploy.0 = Release|x86
		{B39CEBB0-23C9-45AB-A1EF-FFD82C1C240E}.AppStore|iPhoneSimulator.ActiveCfg = Release|x86
		{B39CEBB0-23C9-45AB-A1EF-FFD82C1C240E}.AppStore|iPhoneSimulator.Build.0 = Release|x86
		{B39CEBB0-23C9-45AB-A1EF-FFD82C1C240E}.AppStore|iPhoneSimulator.Deploy.0 = Release|x86
		{B39CEBB0-23C9-45AB-A1EF-FFD82C1C240E}.AppStore|x64.ActiveCfg = Release|x64
		{B39CEBB0-23C9-45AB-A1EF-FFD82C1C240E}.AppStore|x64.Build.0 = Release|x64
		{B39CEBB0-23C9-45AB-A1EF-FFD82C1C240E}.AppStore|x64.Deploy.0 = Release|x64
		{B39CEBB0-23C9-45AB-A1EF-FFD82C1C240E}.AppStore|x86.ActiveCfg = Release|x86
		{B39CEBB0-23C9-45AB-A1EF-FFD82C1C240E}.AppStore|x86.Build.0 = Release|x86
		{B39CEBB0-23C9-45AB-A1EF-FFD82C1C240E}.AppStore|x86.Deploy.0 = Release|x86
		{B39CEBB0-23C9-45AB-A1EF-FFD82C1C240E}.Debug|Any CPU.ActiveCfg = Debug|x86
		{B39CEBB0-23C9-45AB-A1EF-FFD82C1C240E}.Debug|ARM.ActiveCfg = Debug|ARM
		{B39CEBB0-23C9-45AB-A1EF-FFD82C1C240E}.Debug|ARM.Build.0 = Debug|ARM
		{B39CEBB0-23C9-45AB-A1EF-FFD82C1C240E}.Debug|ARM.Deploy.0 = Debug|ARM
		{B39CEBB0-23C9-45AB-A1EF-FFD82C1C240E}.Debug|iPhone.ActiveCfg = Debug|x86
		{B39CEBB0-23C9-45AB-A1EF-FFD82C1C240E}.Debug|iPhoneSimulator.ActiveCfg = Debug|x86
		{B39CEBB0-23C9-45AB-A1EF-FFD82C1C240E}.Debug|x64.ActiveCfg = Debug|x64
		{B39CEBB0-23C9-45AB-A1EF-FFD82C1C240E}.Debug|x64.Build.0 = Debug|x64
		{B39CEBB0-23C9-45AB-A1EF-FFD82C1C240E}.Debug|x64.Deploy.0 = Debug|x64
		{B39CEBB0-23C9-45AB-A1EF-FFD82C1C240E}.Debug|x86.ActiveCfg = Debug|x86
		{B39CEBB0-23C9-45AB-A1EF-FFD82C1C240E}.Debug|x86.Build.0 = Debug|x86
		{B39CEBB0-23C9-45AB-A1EF-FFD82C1C240E}.Debug|x86.Deploy.0 = Debug|x86
		{B39CEBB0-23C9-45AB-A1EF-FFD82C1C240E}.Release|Any CPU.ActiveCfg = Release|x86
		{B39CEBB0-23C9-45AB-A1EF-FFD82C1C240E}.Release|ARM.ActiveCfg = Release|ARM
		{B39CEBB0-23C9-45AB-A1EF-FFD82C1C240E}.Release|ARM.Build.0 = Release|ARM
		{B39CEBB0-23C9-45AB-A1EF-FFD82C1C240E}.Release|ARM.Deploy.0 = Release|ARM
		{B39CEBB0-23C9-45AB-A1EF-FFD82C1C240E}.Release|iPhone.ActiveCfg = Release|x86
		{B39CEBB0-23C9-45AB-A1EF-FFD82C1C240E}.Release|iPhoneSimulator.ActiveCfg = Release|x86
		{B39CEBB0-23C9-45AB-A1EF-FFD82C1C240E}.Release|x64.ActiveCfg = Release|x64
		{B39CEBB0-23C9-45AB-A1EF-FFD82C1C240E}.Release|x64.Build.0 = Release|x64
		{B39CEBB0-23C9-45AB-A1EF-FFD82C1C240E}.Release|x64.Deploy.0 = Release|x64
		{B39CEBB0-23C9-45AB-A1EF-FFD82C1C240E}.Release|x86.ActiveCfg = Release|x86
		{B39CEBB0-23C9-45AB-A1EF-FFD82C1C240E}.Release|x86.Build.0 = Release|x86
		{B39CEBB0-23C9-45AB-A1EF-FFD82C1C240E}.Release|x86.Deploy.0 = Release|x86
		{860C63BD-479E-4B51-80F2-9FE60F029C52}.Ad-Hoc|Any CPU.ActiveCfg = Debug|Any CPU
		{860C63BD-479E-4B51-80F2-9FE60F029C52}.Ad-Hoc|Any CPU.Build.0 = Debug|Any CPU
		{860C63BD-479E-4B51-80F2-9FE60F029C52}.Ad-Hoc|ARM.ActiveCfg = Debug|Any CPU
		{860C63BD-479E-4B51-80F2-9FE60F029C52}.Ad-Hoc|ARM.Build.0 = Debug|Any CPU
		{860C63BD-479E-4B51-80F2-9FE60F029C52}.Ad-Hoc|iPhone.ActiveCfg = Debug|Any CPU
		{860C63BD-479E-4B51-80F2-9FE60F029C52}.Ad-Hoc|iPhone.Build.0 = Debug|Any CPU
		{860C63BD-479E-4B51-80F2-9FE60F029C52}.Ad-Hoc|iPhoneSimulator.ActiveCfg = Debug|Any CPU
		{860C63BD-479E-4B51-80F2-9FE60F029C52}.Ad-Hoc|iPhoneSimulator.Build.0 = Debug|Any CPU
		{860C63BD-479E-4B51-80F2-9FE60F029C52}.Ad-Hoc|x64.ActiveCfg = Debug|Any CPU
		{860C63BD-479E-4B51-80F2-9FE60F029C52}.Ad-Hoc|x64.Build.0 = Debug|Any CPU
		{860C63BD-479E-4B51-80F2-9FE60F029C52}.Ad-Hoc|x86.ActiveCfg = Debug|Any CPU
		{860C63BD-479E-4B51-80F2-9FE60F029C52}.Ad-Hoc|x86.Build.0 = Debug|Any CPU
		{860C63BD-479E-4B51-80F2-9FE60F029C52}.AppStore|Any CPU.ActiveCfg = Debug|Any CPU
		{860C63BD-479E-4B51-80F2-9FE60F029C52}.AppStore|Any CPU.Build.0 = Debug|Any CPU
		{860C63BD-479E-4B51-80F2-9FE60F029C52}.AppStore|ARM.ActiveCfg = Debug|Any CPU
		{860C63BD-479E-4B51-80F2-9FE60F029C52}.AppStore|ARM.Build.0 = Debug|Any CPU
		{860C63BD-479E-4B51-80F2-9FE60F029C52}.AppStore|iPhone.ActiveCfg = Debug|Any CPU
		{860C63BD-479E-4B51-80F2-9FE60F029C52}.AppStore|iPhone.Build.0 = Debug|Any CPU
		{860C63BD-479E-4B51-80F2-9FE60F029C52}.AppStore|iPhoneSimulator.ActiveCfg = Debug|Any CPU
		{860C63BD-479E-4B51-80F2-9FE60F029C52}.AppStore|iPhoneSimulator.Build.0 = Debug|Any CPU
		{860C63BD-479E-4B51-80F2-9FE60F029C52}.AppStore|x64.ActiveCfg = Debug|Any CPU
		{860C63BD-479E-4B51-80F2-9FE60F029C52}.AppStore|x64.Build.0 = Debug|Any CPU
		{860C63BD-479E-4B51-80F2-9FE60F029C52}.AppStore|x86.ActiveCfg = Debug|Any CPU
		{860C63BD-479E-4B51-80F2-9FE60F029C52}.AppStore|x86.Build.0 = Debug|Any CPU
		{860C63BD-479E-4B51-80F2-9FE60F029C52}.Debug|Any CPU.ActiveCfg = Debug|Any CPU
		{860C63BD-479E-4B51-80F2-9FE60F029C52}.Debug|Any CPU.Build.0 = Debug|Any CPU
		{860C63BD-479E-4B51-80F2-9FE60F029C52}.Debug|ARM.ActiveCfg = Debug|Any CPU
		{860C63BD-479E-4B51-80F2-9FE60F029C52}.Debug|ARM.Build.0 = Debug|Any CPU
		{860C63BD-479E-4B51-80F2-9FE60F029C52}.Debug|iPhone.ActiveCfg = Debug|Any CPU
		{860C63BD-479E-4B51-80F2-9FE60F029C52}.Debug|iPhone.Build.0 = Debug|Any CPU
		{860C63BD-479E-4B51-80F2-9FE60F029C52}.Debug|iPhoneSimulator.ActiveCfg = Debug|Any CPU
		{860C63BD-479E-4B51-80F2-9FE60F029C52}.Debug|iPhoneSimulator.Build.0 = Debug|Any CPU
		{860C63BD-479E-4B51-80F2-9FE60F029C52}.Debug|x64.ActiveCfg = Debug|Any CPU
		{860C63BD-479E-4B51-80F2-9FE60F029C52}.Debug|x64.Build.0 = Debug|Any CPU
		{860C63BD-479E-4B51-80F2-9FE60F029C52}.Debug|x86.ActiveCfg = Debug|Any CPU
		{860C63BD-479E-4B51-80F2-9FE60F029C52}.Debug|x86.Build.0 = Debug|Any CPU
		{860C63BD-479E-4B51-80F2-9FE60F029C52}.Release|Any CPU.ActiveCfg = Release|Any CPU
		{860C63BD-479E-4B51-80F2-9FE60F029C52}.Release|Any CPU.Build.0 = Release|Any CPU
		{860C63BD-479E-4B51-80F2-9FE60F029C52}.Release|ARM.ActiveCfg = Release|Any CPU
		{860C63BD-479E-4B51-80F2-9FE60F029C52}.Release|ARM.Build.0 = Release|Any CPU
		{860C63BD-479E-4B51-80F2-9FE60F029C52}.Release|iPhone.ActiveCfg = Release|Any CPU
		{860C63BD-479E-4B51-80F2-9FE60F029C52}.Release|iPhone.Build.0 = Release|Any CPU
		{860C63BD-479E-4B51-80F2-9FE60F029C52}.Release|iPhoneSimulator.ActiveCfg = Release|Any CPU
		{860C63BD-479E-4B51-80F2-9FE60F029C52}.Release|iPhoneSimulator.Build.0 = Release|Any CPU
		{860C63BD-479E-4B51-80F2-9FE60F029C52}.Release|x64.ActiveCfg = Release|Any CPU
		{860C63BD-479E-4B51-80F2-9FE60F029C52}.Release|x64.Build.0 = Release|Any CPU
		{860C63BD-479E-4B51-80F2-9FE60F029C52}.Release|x86.ActiveCfg = Release|Any CPU
		{860C63BD-479E-4B51-80F2-9FE60F029C52}.Release|x86.Build.0 = Release|Any CPU
		{E2A88206-A716-4592-9107-827DCF6A9780}.Ad-Hoc|Any CPU.ActiveCfg = Debug|Any CPU
		{E2A88206-A716-4592-9107-827DCF6A9780}.Ad-Hoc|Any CPU.Build.0 = Debug|Any CPU
		{E2A88206-A716-4592-9107-827DCF6A9780}.Ad-Hoc|ARM.ActiveCfg = Debug|Any CPU
		{E2A88206-A716-4592-9107-827DCF6A9780}.Ad-Hoc|ARM.Build.0 = Debug|Any CPU
		{E2A88206-A716-4592-9107-827DCF6A9780}.Ad-Hoc|iPhone.ActiveCfg = Debug|Any CPU
		{E2A88206-A716-4592-9107-827DCF6A9780}.Ad-Hoc|iPhone.Build.0 = Debug|Any CPU
		{E2A88206-A716-4592-9107-827DCF6A9780}.Ad-Hoc|iPhoneSimulator.ActiveCfg = Debug|Any CPU
		{E2A88206-A716-4592-9107-827DCF6A9780}.Ad-Hoc|iPhoneSimulator.Build.0 = Debug|Any CPU
		{E2A88206-A716-4592-9107-827DCF6A9780}.Ad-Hoc|x64.ActiveCfg = Debug|Any CPU
		{E2A88206-A716-4592-9107-827DCF6A9780}.Ad-Hoc|x64.Build.0 = Debug|Any CPU
		{E2A88206-A716-4592-9107-827DCF6A9780}.Ad-Hoc|x86.ActiveCfg = Debug|Any CPU
		{E2A88206-A716-4592-9107-827DCF6A9780}.Ad-Hoc|x86.Build.0 = Debug|Any CPU
		{E2A88206-A716-4592-9107-827DCF6A9780}.AppStore|Any CPU.ActiveCfg = Debug|Any CPU
		{E2A88206-A716-4592-9107-827DCF6A9780}.AppStore|Any CPU.Build.0 = Debug|Any CPU
		{E2A88206-A716-4592-9107-827DCF6A9780}.AppStore|ARM.ActiveCfg = Debug|Any CPU
		{E2A88206-A716-4592-9107-827DCF6A9780}.AppStore|ARM.Build.0 = Debug|Any CPU
		{E2A88206-A716-4592-9107-827DCF6A9780}.AppStore|iPhone.ActiveCfg = Debug|Any CPU
		{E2A88206-A716-4592-9107-827DCF6A9780}.AppStore|iPhone.Build.0 = Debug|Any CPU
		{E2A88206-A716-4592-9107-827DCF6A9780}.AppStore|iPhoneSimulator.ActiveCfg = Debug|Any CPU
		{E2A88206-A716-4592-9107-827DCF6A9780}.AppStore|iPhoneSimulator.Build.0 = Debug|Any CPU
		{E2A88206-A716-4592-9107-827DCF6A9780}.AppStore|x64.ActiveCfg = Debug|Any CPU
		{E2A88206-A716-4592-9107-827DCF6A9780}.AppStore|x64.Build.0 = Debug|Any CPU
		{E2A88206-A716-4592-9107-827DCF6A9780}.AppStore|x86.ActiveCfg = Debug|Any CPU
		{E2A88206-A716-4592-9107-827DCF6A9780}.AppStore|x86.Build.0 = Debug|Any CPU
		{E2A88206-A716-4592-9107-827DCF6A9780}.Debug|Any CPU.ActiveCfg = Debug|Any CPU
		{E2A88206-A716-4592-9107-827DCF6A9780}.Debug|Any CPU.Build.0 = Debug|Any CPU
		{E2A88206-A716-4592-9107-827DCF6A9780}.Debug|ARM.ActiveCfg = Debug|Any CPU
		{E2A88206-A716-4592-9107-827DCF6A9780}.Debug|ARM.Build.0 = Debug|Any CPU
		{E2A88206-A716-4592-9107-827DCF6A9780}.Debug|iPhone.ActiveCfg = Debug|Any CPU
		{E2A88206-A716-4592-9107-827DCF6A9780}.Debug|iPhone.Build.0 = Debug|Any CPU
		{E2A88206-A716-4592-9107-827DCF6A9780}.Debug|iPhoneSimulator.ActiveCfg = Debug|Any CPU
		{E2A88206-A716-4592-9107-827DCF6A9780}.Debug|iPhoneSimulator.Build.0 = Debug|Any CPU
		{E2A88206-A716-4592-9107-827DCF6A9780}.Debug|x64.ActiveCfg = Debug|Any CPU
		{E2A88206-A716-4592-9107-827DCF6A9780}.Debug|x64.Build.0 = Debug|Any CPU
		{E2A88206-A716-4592-9107-827DCF6A9780}.Debug|x86.ActiveCfg = Debug|Any CPU
		{E2A88206-A716-4592-9107-827DCF6A9780}.Debug|x86.Build.0 = Debug|Any CPU
		{E2A88206-A716-4592-9107-827DCF6A9780}.Release|Any CPU.ActiveCfg = Release|Any CPU
		{E2A88206-A716-4592-9107-827DCF6A9780}.Release|Any CPU.Build.0 = Release|Any CPU
		{E2A88206-A716-4592-9107-827DCF6A9780}.Release|ARM.ActiveCfg = Release|Any CPU
		{E2A88206-A716-4592-9107-827DCF6A9780}.Release|ARM.Build.0 = Release|Any CPU
		{E2A88206-A716-4592-9107-827DCF6A9780}.Release|iPhone.ActiveCfg = Release|Any CPU
		{E2A88206-A716-4592-9107-827DCF6A9780}.Release|iPhone.Build.0 = Release|Any CPU
		{E2A88206-A716-4592-9107-827DCF6A9780}.Release|iPhoneSimulator.ActiveCfg = Release|Any CPU
		{E2A88206-A716-4592-9107-827DCF6A9780}.Release|iPhoneSimulator.Build.0 = Release|Any CPU
		{E2A88206-A716-4592-9107-827DCF6A9780}.Release|x64.ActiveCfg = Release|Any CPU
		{E2A88206-A716-4592-9107-827DCF6A9780}.Release|x64.Build.0 = Release|Any CPU
		{E2A88206-A716-4592-9107-827DCF6A9780}.Release|x86.ActiveCfg = Release|Any CPU
		{E2A88206-A716-4592-9107-827DCF6A9780}.Release|x86.Build.0 = Release|Any CPU
		{D47B1E4A-A357-4F09-8A9E-2425BF7DB781}.Ad-Hoc|Any CPU.ActiveCfg = Debug|Any CPU
		{D47B1E4A-A357-4F09-8A9E-2425BF7DB781}.Ad-Hoc|Any CPU.Build.0 = Debug|Any CPU
		{D47B1E4A-A357-4F09-8A9E-2425BF7DB781}.Ad-Hoc|ARM.ActiveCfg = Debug|Any CPU
		{D47B1E4A-A357-4F09-8A9E-2425BF7DB781}.Ad-Hoc|ARM.Build.0 = Debug|Any CPU
		{D47B1E4A-A357-4F09-8A9E-2425BF7DB781}.Ad-Hoc|iPhone.ActiveCfg = Debug|Any CPU
		{D47B1E4A-A357-4F09-8A9E-2425BF7DB781}.Ad-Hoc|iPhone.Build.0 = Debug|Any CPU
		{D47B1E4A-A357-4F09-8A9E-2425BF7DB781}.Ad-Hoc|iPhoneSimulator.ActiveCfg = Debug|Any CPU
		{D47B1E4A-A357-4F09-8A9E-2425BF7DB781}.Ad-Hoc|iPhoneSimulator.Build.0 = Debug|Any CPU
		{D47B1E4A-A357-4F09-8A9E-2425BF7DB781}.Ad-Hoc|x64.ActiveCfg = Debug|Any CPU
		{D47B1E4A-A357-4F09-8A9E-2425BF7DB781}.Ad-Hoc|x64.Build.0 = Debug|Any CPU
		{D47B1E4A-A357-4F09-8A9E-2425BF7DB781}.Ad-Hoc|x86.ActiveCfg = Debug|Any CPU
		{D47B1E4A-A357-4F09-8A9E-2425BF7DB781}.Ad-Hoc|x86.Build.0 = Debug|Any CPU
		{D47B1E4A-A357-4F09-8A9E-2425BF7DB781}.AppStore|Any CPU.ActiveCfg = Debug|Any CPU
		{D47B1E4A-A357-4F09-8A9E-2425BF7DB781}.AppStore|Any CPU.Build.0 = Debug|Any CPU
		{D47B1E4A-A357-4F09-8A9E-2425BF7DB781}.AppStore|ARM.ActiveCfg = Debug|Any CPU
		{D47B1E4A-A357-4F09-8A9E-2425BF7DB781}.AppStore|ARM.Build.0 = Debug|Any CPU
		{D47B1E4A-A357-4F09-8A9E-2425BF7DB781}.AppStore|iPhone.ActiveCfg = Debug|Any CPU
		{D47B1E4A-A357-4F09-8A9E-2425BF7DB781}.AppStore|iPhone.Build.0 = Debug|Any CPU
		{D47B1E4A-A357-4F09-8A9E-2425BF7DB781}.AppStore|iPhoneSimulator.ActiveCfg = Debug|Any CPU
		{D47B1E4A-A357-4F09-8A9E-2425BF7DB781}.AppStore|iPhoneSimulator.Build.0 = Debug|Any CPU
		{D47B1E4A-A357-4F09-8A9E-2425BF7DB781}.AppStore|x64.ActiveCfg = Debug|Any CPU
		{D47B1E4A-A357-4F09-8A9E-2425BF7DB781}.AppStore|x64.Build.0 = Debug|Any CPU
		{D47B1E4A-A357-4F09-8A9E-2425BF7DB781}.AppStore|x86.ActiveCfg = Debug|Any CPU
		{D47B1E4A-A357-4F09-8A9E-2425BF7DB781}.AppStore|x86.Build.0 = Debug|Any CPU
		{D47B1E4A-A357-4F09-8A9E-2425BF7DB781}.Debug|Any CPU.ActiveCfg = Debug|Any CPU
		{D47B1E4A-A357-4F09-8A9E-2425BF7DB781}.Debug|Any CPU.Build.0 = Debug|Any CPU
		{D47B1E4A-A357-4F09-8A9E-2425BF7DB781}.Debug|ARM.ActiveCfg = Debug|Any CPU
		{D47B1E4A-A357-4F09-8A9E-2425BF7DB781}.Debug|ARM.Build.0 = Debug|Any CPU
		{D47B1E4A-A357-4F09-8A9E-2425BF7DB781}.Debug|iPhone.ActiveCfg = Debug|Any CPU
		{D47B1E4A-A357-4F09-8A9E-2425BF7DB781}.Debug|iPhone.Build.0 = Debug|Any CPU
		{D47B1E4A-A357-4F09-8A9E-2425BF7DB781}.Debug|iPhoneSimulator.ActiveCfg = Debug|Any CPU
		{D47B1E4A-A357-4F09-8A9E-2425BF7DB781}.Debug|iPhoneSimulator.Build.0 = Debug|Any CPU
		{D47B1E4A-A357-4F09-8A9E-2425BF7DB781}.Debug|x64.ActiveCfg = Debug|Any CPU
		{D47B1E4A-A357-4F09-8A9E-2425BF7DB781}.Debug|x64.Build.0 = Debug|Any CPU
		{D47B1E4A-A357-4F09-8A9E-2425BF7DB781}.Debug|x86.ActiveCfg = Debug|Any CPU
		{D47B1E4A-A357-4F09-8A9E-2425BF7DB781}.Debug|x86.Build.0 = Debug|Any CPU
		{D47B1E4A-A357-4F09-8A9E-2425BF7DB781}.Release|Any CPU.ActiveCfg = Release|Any CPU
		{D47B1E4A-A357-4F09-8A9E-2425BF7DB781}.Release|Any CPU.Build.0 = Release|Any CPU
		{D47B1E4A-A357-4F09-8A9E-2425BF7DB781}.Release|ARM.ActiveCfg = Release|Any CPU
		{D47B1E4A-A357-4F09-8A9E-2425BF7DB781}.Release|ARM.Build.0 = Release|Any CPU
		{D47B1E4A-A357-4F09-8A9E-2425BF7DB781}.Release|iPhone.ActiveCfg = Release|Any CPU
		{D47B1E4A-A357-4F09-8A9E-2425BF7DB781}.Release|iPhone.Build.0 = Release|Any CPU
		{D47B1E4A-A357-4F09-8A9E-2425BF7DB781}.Release|iPhoneSimulator.ActiveCfg = Release|Any CPU
		{D47B1E4A-A357-4F09-8A9E-2425BF7DB781}.Release|iPhoneSimulator.Build.0 = Release|Any CPU
		{D47B1E4A-A357-4F09-8A9E-2425BF7DB781}.Release|x64.ActiveCfg = Release|Any CPU
		{D47B1E4A-A357-4F09-8A9E-2425BF7DB781}.Release|x64.Build.0 = Release|Any CPU
		{D47B1E4A-A357-4F09-8A9E-2425BF7DB781}.Release|x86.ActiveCfg = Release|Any CPU
		{D47B1E4A-A357-4F09-8A9E-2425BF7DB781}.Release|x86.Build.0 = Release|Any CPU
		{5CB49CAB-14BE-4FB2-BDF7-AB6A34AC172E}.Ad-Hoc|Any CPU.ActiveCfg = Debug|Any CPU
		{5CB49CAB-14BE-4FB2-BDF7-AB6A34AC172E}.Ad-Hoc|Any CPU.Build.0 = Debug|Any CPU
		{5CB49CAB-14BE-4FB2-BDF7-AB6A34AC172E}.Ad-Hoc|ARM.ActiveCfg = Debug|Any CPU
		{5CB49CAB-14BE-4FB2-BDF7-AB6A34AC172E}.Ad-Hoc|ARM.Build.0 = Debug|Any CPU
		{5CB49CAB-14BE-4FB2-BDF7-AB6A34AC172E}.Ad-Hoc|iPhone.ActiveCfg = Debug|Any CPU
		{5CB49CAB-14BE-4FB2-BDF7-AB6A34AC172E}.Ad-Hoc|iPhone.Build.0 = Debug|Any CPU
		{5CB49CAB-14BE-4FB2-BDF7-AB6A34AC172E}.Ad-Hoc|iPhoneSimulator.ActiveCfg = Debug|Any CPU
		{5CB49CAB-14BE-4FB2-BDF7-AB6A34AC172E}.Ad-Hoc|iPhoneSimulator.Build.0 = Debug|Any CPU
		{5CB49CAB-14BE-4FB2-BDF7-AB6A34AC172E}.Ad-Hoc|x64.ActiveCfg = Debug|Any CPU
		{5CB49CAB-14BE-4FB2-BDF7-AB6A34AC172E}.Ad-Hoc|x64.Build.0 = Debug|Any CPU
		{5CB49CAB-14BE-4FB2-BDF7-AB6A34AC172E}.Ad-Hoc|x86.ActiveCfg = Debug|Any CPU
		{5CB49CAB-14BE-4FB2-BDF7-AB6A34AC172E}.Ad-Hoc|x86.Build.0 = Debug|Any CPU
		{5CB49CAB-14BE-4FB2-BDF7-AB6A34AC172E}.AppStore|Any CPU.ActiveCfg = Debug|Any CPU
		{5CB49CAB-14BE-4FB2-BDF7-AB6A34AC172E}.AppStore|Any CPU.Build.0 = Debug|Any CPU
		{5CB49CAB-14BE-4FB2-BDF7-AB6A34AC172E}.AppStore|ARM.ActiveCfg = Debug|Any CPU
		{5CB49CAB-14BE-4FB2-BDF7-AB6A34AC172E}.AppStore|ARM.Build.0 = Debug|Any CPU
		{5CB49CAB-14BE-4FB2-BDF7-AB6A34AC172E}.AppStore|iPhone.ActiveCfg = Debug|Any CPU
		{5CB49CAB-14BE-4FB2-BDF7-AB6A34AC172E}.AppStore|iPhone.Build.0 = Debug|Any CPU
		{5CB49CAB-14BE-4FB2-BDF7-AB6A34AC172E}.AppStore|iPhoneSimulator.ActiveCfg = Debug|Any CPU
		{5CB49CAB-14BE-4FB2-BDF7-AB6A34AC172E}.AppStore|iPhoneSimulator.Build.0 = Debug|Any CPU
		{5CB49CAB-14BE-4FB2-BDF7-AB6A34AC172E}.AppStore|x64.ActiveCfg = Debug|Any CPU
		{5CB49CAB-14BE-4FB2-BDF7-AB6A34AC172E}.AppStore|x64.Build.0 = Debug|Any CPU
		{5CB49CAB-14BE-4FB2-BDF7-AB6A34AC172E}.AppStore|x86.ActiveCfg = Debug|Any CPU
		{5CB49CAB-14BE-4FB2-BDF7-AB6A34AC172E}.AppStore|x86.Build.0 = Debug|Any CPU
		{5CB49CAB-14BE-4FB2-BDF7-AB6A34AC172E}.Debug|Any CPU.ActiveCfg = Debug|Any CPU
		{5CB49CAB-14BE-4FB2-BDF7-AB6A34AC172E}.Debug|Any CPU.Build.0 = Debug|Any CPU
		{5CB49CAB-14BE-4FB2-BDF7-AB6A34AC172E}.Debug|ARM.ActiveCfg = Debug|Any CPU
		{5CB49CAB-14BE-4FB2-BDF7-AB6A34AC172E}.Debug|ARM.Build.0 = Debug|Any CPU
		{5CB49CAB-14BE-4FB2-BDF7-AB6A34AC172E}.Debug|iPhone.ActiveCfg = Debug|Any CPU
		{5CB49CAB-14BE-4FB2-BDF7-AB6A34AC172E}.Debug|iPhone.Build.0 = Debug|Any CPU
		{5CB49CAB-14BE-4FB2-BDF7-AB6A34AC172E}.Debug|iPhoneSimulator.ActiveCfg = Debug|Any CPU
		{5CB49CAB-14BE-4FB2-BDF7-AB6A34AC172E}.Debug|iPhoneSimulator.Build.0 = Debug|Any CPU
		{5CB49CAB-14BE-4FB2-BDF7-AB6A34AC172E}.Debug|x64.ActiveCfg = Debug|Any CPU
		{5CB49CAB-14BE-4FB2-BDF7-AB6A34AC172E}.Debug|x64.Build.0 = Debug|Any CPU
		{5CB49CAB-14BE-4FB2-BDF7-AB6A34AC172E}.Debug|x86.ActiveCfg = Debug|Any CPU
		{5CB49CAB-14BE-4FB2-BDF7-AB6A34AC172E}.Debug|x86.Build.0 = Debug|Any CPU
		{5CB49CAB-14BE-4FB2-BDF7-AB6A34AC172E}.Release|Any CPU.ActiveCfg = Release|Any CPU
		{5CB49CAB-14BE-4FB2-BDF7-AB6A34AC172E}.Release|Any CPU.Build.0 = Release|Any CPU
		{5CB49CAB-14BE-4FB2-BDF7-AB6A34AC172E}.Release|ARM.ActiveCfg = Release|Any CPU
		{5CB49CAB-14BE-4FB2-BDF7-AB6A34AC172E}.Release|ARM.Build.0 = Release|Any CPU
		{5CB49CAB-14BE-4FB2-BDF7-AB6A34AC172E}.Release|iPhone.ActiveCfg = Release|Any CPU
		{5CB49CAB-14BE-4FB2-BDF7-AB6A34AC172E}.Release|iPhone.Build.0 = Release|Any CPU
		{5CB49CAB-14BE-4FB2-BDF7-AB6A34AC172E}.Release|iPhoneSimulator.ActiveCfg = Release|Any CPU
		{5CB49CAB-14BE-4FB2-BDF7-AB6A34AC172E}.Release|iPhoneSimulator.Build.0 = Release|Any CPU
		{5CB49CAB-14BE-4FB2-BDF7-AB6A34AC172E}.Release|x64.ActiveCfg = Release|Any CPU
		{5CB49CAB-14BE-4FB2-BDF7-AB6A34AC172E}.Release|x64.Build.0 = Release|Any CPU
		{5CB49CAB-14BE-4FB2-BDF7-AB6A34AC172E}.Release|x86.ActiveCfg = Release|Any CPU
		{5CB49CAB-14BE-4FB2-BDF7-AB6A34AC172E}.Release|x86.Build.0 = Release|Any CPU
		{0865D982-FAB5-4E42-BB02-869A22FBA820}.Ad-Hoc|Any CPU.ActiveCfg = Debug|Any CPU
		{0865D982-FAB5-4E42-BB02-869A22FBA820}.Ad-Hoc|Any CPU.Build.0 = Debug|Any CPU
		{0865D982-FAB5-4E42-BB02-869A22FBA820}.Ad-Hoc|ARM.ActiveCfg = Debug|Any CPU
		{0865D982-FAB5-4E42-BB02-869A22FBA820}.Ad-Hoc|ARM.Build.0 = Debug|Any CPU
		{0865D982-FAB5-4E42-BB02-869A22FBA820}.Ad-Hoc|iPhone.ActiveCfg = Debug|Any CPU
		{0865D982-FAB5-4E42-BB02-869A22FBA820}.Ad-Hoc|iPhone.Build.0 = Debug|Any CPU
		{0865D982-FAB5-4E42-BB02-869A22FBA820}.Ad-Hoc|iPhoneSimulator.ActiveCfg = Debug|Any CPU
		{0865D982-FAB5-4E42-BB02-869A22FBA820}.Ad-Hoc|iPhoneSimulator.Build.0 = Debug|Any CPU
		{0865D982-FAB5-4E42-BB02-869A22FBA820}.Ad-Hoc|x64.ActiveCfg = Debug|Any CPU
		{0865D982-FAB5-4E42-BB02-869A22FBA820}.Ad-Hoc|x64.Build.0 = Debug|Any CPU
		{0865D982-FAB5-4E42-BB02-869A22FBA820}.Ad-Hoc|x86.ActiveCfg = Debug|Any CPU
		{0865D982-FAB5-4E42-BB02-869A22FBA820}.Ad-Hoc|x86.Build.0 = Debug|Any CPU
		{0865D982-FAB5-4E42-BB02-869A22FBA820}.AppStore|Any CPU.ActiveCfg = Debug|Any CPU
		{0865D982-FAB5-4E42-BB02-869A22FBA820}.AppStore|Any CPU.Build.0 = Debug|Any CPU
		{0865D982-FAB5-4E42-BB02-869A22FBA820}.AppStore|ARM.ActiveCfg = Debug|Any CPU
		{0865D982-FAB5-4E42-BB02-869A22FBA820}.AppStore|ARM.Build.0 = Debug|Any CPU
		{0865D982-FAB5-4E42-BB02-869A22FBA820}.AppStore|iPhone.ActiveCfg = Debug|Any CPU
		{0865D982-FAB5-4E42-BB02-869A22FBA820}.AppStore|iPhone.Build.0 = Debug|Any CPU
		{0865D982-FAB5-4E42-BB02-869A22FBA820}.AppStore|iPhoneSimulator.ActiveCfg = Debug|Any CPU
		{0865D982-FAB5-4E42-BB02-869A22FBA820}.AppStore|iPhoneSimulator.Build.0 = Debug|Any CPU
		{0865D982-FAB5-4E42-BB02-869A22FBA820}.AppStore|x64.ActiveCfg = Debug|Any CPU
		{0865D982-FAB5-4E42-BB02-869A22FBA820}.AppStore|x64.Build.0 = Debug|Any CPU
		{0865D982-FAB5-4E42-BB02-869A22FBA820}.AppStore|x86.ActiveCfg = Debug|Any CPU
		{0865D982-FAB5-4E42-BB02-869A22FBA820}.AppStore|x86.Build.0 = Debug|Any CPU
		{0865D982-FAB5-4E42-BB02-869A22FBA820}.Debug|Any CPU.ActiveCfg = Debug|Any CPU
		{0865D982-FAB5-4E42-BB02-869A22FBA820}.Debug|Any CPU.Build.0 = Debug|Any CPU
		{0865D982-FAB5-4E42-BB02-869A22FBA820}.Debug|ARM.ActiveCfg = Debug|Any CPU
		{0865D982-FAB5-4E42-BB02-869A22FBA820}.Debug|ARM.Build.0 = Debug|Any CPU
		{0865D982-FAB5-4E42-BB02-869A22FBA820}.Debug|iPhone.ActiveCfg = Debug|Any CPU
		{0865D982-FAB5-4E42-BB02-869A22FBA820}.Debug|iPhone.Build.0 = Debug|Any CPU
		{0865D982-FAB5-4E42-BB02-869A22FBA820}.Debug|iPhoneSimulator.ActiveCfg = Debug|Any CPU
		{0865D982-FAB5-4E42-BB02-869A22FBA820}.Debug|iPhoneSimulator.Build.0 = Debug|Any CPU
		{0865D982-FAB5-4E42-BB02-869A22FBA820}.Debug|x64.ActiveCfg = Debug|Any CPU
		{0865D982-FAB5-4E42-BB02-869A22FBA820}.Debug|x64.Build.0 = Debug|Any CPU
		{0865D982-FAB5-4E42-BB02-869A22FBA820}.Debug|x86.ActiveCfg = Debug|Any CPU
		{0865D982-FAB5-4E42-BB02-869A22FBA820}.Debug|x86.Build.0 = Debug|Any CPU
		{0865D982-FAB5-4E42-BB02-869A22FBA820}.Release|Any CPU.ActiveCfg = Release|Any CPU
		{0865D982-FAB5-4E42-BB02-869A22FBA820}.Release|Any CPU.Build.0 = Release|Any CPU
		{0865D982-FAB5-4E42-BB02-869A22FBA820}.Release|ARM.ActiveCfg = Release|Any CPU
		{0865D982-FAB5-4E42-BB02-869A22FBA820}.Release|ARM.Build.0 = Release|Any CPU
		{0865D982-FAB5-4E42-BB02-869A22FBA820}.Release|iPhone.ActiveCfg = Release|Any CPU
		{0865D982-FAB5-4E42-BB02-869A22FBA820}.Release|iPhone.Build.0 = Release|Any CPU
		{0865D982-FAB5-4E42-BB02-869A22FBA820}.Release|iPhoneSimulator.ActiveCfg = Release|Any CPU
		{0865D982-FAB5-4E42-BB02-869A22FBA820}.Release|iPhoneSimulator.Build.0 = Release|Any CPU
		{0865D982-FAB5-4E42-BB02-869A22FBA820}.Release|x64.ActiveCfg = Release|Any CPU
		{0865D982-FAB5-4E42-BB02-869A22FBA820}.Release|x64.Build.0 = Release|Any CPU
		{0865D982-FAB5-4E42-BB02-869A22FBA820}.Release|x86.ActiveCfg = Release|Any CPU
		{0865D982-FAB5-4E42-BB02-869A22FBA820}.Release|x86.Build.0 = Release|Any CPU
	EndGlobalSection
	GlobalSection(SolutionProperties) = preSolution
		HideSolutionNode = FALSE
	EndGlobalSection
	GlobalSection(NestedProjects) = preSolution
		{D66BFAF2-A0A7-4666-A0D9-3B9B339C5A8E} = {216FF262-DF4D-48DE-A52B-E7F5718F32C1}
		{5DDE3427-ACA8-4BFD-8125-E1D69CB60776} = {216FF262-DF4D-48DE-A52B-E7F5718F32C1}
		{AC34501C-12CD-4928-A76A-C37EDF351D8F} = {D14CFD9C-6257-4767-8CF1-A3B0C80B02CC}
		{452FB0EE-1BEA-46B2-BB35-F7027E1C2677} = {D14CFD9C-6257-4767-8CF1-A3B0C80B02CC}
		{B6E85201-ED3D-4242-A5B6-F9B57F9B341D} = {D14CFD9C-6257-4767-8CF1-A3B0C80B02CC}
		{D6975FF2-AE2F-4973-B16D-4E516F58BE8B} = {F720A721-F214-42AE-A306-5DC594FBE0E1}
		{E1C5380E-A369-42F0-A9B9-874A9C619415} = {F720A721-F214-42AE-A306-5DC594FBE0E1}
		{B39CEBB0-23C9-45AB-A1EF-FFD82C1C240E} = {F720A721-F214-42AE-A306-5DC594FBE0E1}
		{860C63BD-479E-4B51-80F2-9FE60F029C52} = {F720A721-F214-42AE-A306-5DC594FBE0E1}
		{E2A88206-A716-4592-9107-827DCF6A9780} = {D14CFD9C-6257-4767-8CF1-A3B0C80B02CC}
		{D47B1E4A-A357-4F09-8A9E-2425BF7DB781} = {D14CFD9C-6257-4767-8CF1-A3B0C80B02CC}
	EndGlobalSection
	GlobalSection(ExtensibilityGlobals) = postSolution
		SolutionGuid = {96BA3A01-3FB5-4765-B5BB-193675DB47E2}
	EndGlobalSection
EndGlobal
